// !$*UTF8*$!
{
	archiveVersion = 1;
	classes = {
	};
	objectVersion = 54;
	objects = {

/* Begin PBXBuildFile section */
		02449EDA0A977F06DB45F2A4 /* SSHService.swift in Sources */ = {isa = PBXBuildFile; fileRef = 68A5B5883EC818692D422181 /* SSHService.swift */; };
		06430AE6AAA488D239CDA5E6 /* AuthenticationType.swift in Sources */ = {isa = PBXBuildFile; fileRef = 1C76084B6EF306F1DF28D7B5 /* AuthenticationType.swift */; };
		14E9201083B036E3A306148F /* TerminalTheme.swift in Sources */ = {isa = PBXBuildFile; fileRef = C6C007979A6AFF27A4F07916 /* TerminalTheme.swift */; };
		2205C924B930CF5A11D41E28 /* KeyManagerViewModel.swift in Sources */ = {isa = PBXBuildFile; fileRef = C883C5CC1BD60019B3BD2E61 /* KeyManagerViewModel.swift */; };
		2962683E98D245BCE66CA7D1 /* SessionTabView.swift in Sources */ = {isa = PBXBuildFile; fileRef = 9D1DD2D0E11A233036AF9A05 /* SessionTabView.swift */; };
		2DD8D73BA708E67500F7FC3A /* TerminalViewWrapper.swift in Sources */ = {isa = PBXBuildFile; fileRef = 2E188C58C72662C38AC229F1 /* TerminalViewWrapper.swift */; };
		3328B5BA19468F8E563CD144 /* ConnectionFormView.swift in Sources */ = {isa = PBXBuildFile; fileRef = E2139BEC22559334C39E1D6B /* ConnectionFormView.swift */; };
		396E2A3DDAE3B82F71288FD3 /* KeyManagerView.swift in Sources */ = {isa = PBXBuildFile; fileRef = 60756400F8CF8C922D9D2F93 /* KeyManagerView.swift */; };
		40A6D46585E3B53F8A5ABCDA /* TerminalAccessoryBar.swift in Sources */ = {isa = PBXBuildFile; fileRef = B875D9609D72F2D0756DD352 /* TerminalAccessoryBar.swift */; };
		4D97DBF2E60FE1ACFFB62DD7 /* SwiftTerm in Frameworks */ = {isa = PBXBuildFile; productRef = 92DC4C7B3FB1989C7E410053 /* SwiftTerm */; };
		5A20B86CD3050278DB9751BC /* KeychainService.swift in Sources */ = {isa = PBXBuildFile; fileRef = 909FDD65165046F700279ABD /* KeychainService.swift */; };
		6CBF6EB685F45C3F61146415 /* Citadel in Frameworks */ = {isa = PBXBuildFile; productRef = D026A404D69C780DF051173B /* Citadel */; };
		7E9F0B0912483FE5380A316D /* ContentView.swift in Sources */ = {isa = PBXBuildFile; fileRef = AE6116FE729C6C60376A1F84 /* ContentView.swift */; };
		7FBB2D69487B1587844A70D7 /* ByteBufferExtensions.swift in Sources */ = {isa = PBXBuildFile; fileRef = B93EB2F91FD2A41BF4C5A034 /* ByteBufferExtensions.swift */; };
		A6944EF3F859E9879219F2C0 /* SSHKey.swift in Sources */ = {isa = PBXBuildFile; fileRef = BC70BFE08258E7A59F450968 /* SSHKey.swift */; };
		C3DBE9AFFDB97EB7DC7680CD /* Assets.xcassets in Resources */ = {isa = PBXBuildFile; fileRef = 2B45634D7704BBD2F583A582 /* Assets.xcassets */; };
		CDFD7C744EACBD0640751A23 /* msshApp.swift in Sources */ = {isa = PBXBuildFile; fileRef = 601B09C1DDBC50A7980F5926 /* msshApp.swift */; };
		D609842780105DA9F33B2B7B /* SessionManager.swift in Sources */ = {isa = PBXBuildFile; fileRef = 26EFA81E3707B32C57F52EA3 /* SessionManager.swift */; };
		D828F227AE6D4F23CFE654B3 /* SSHTerminalBridge.swift in Sources */ = {isa = PBXBuildFile; fileRef = C51DD844D6D264DF30FC66E0 /* SSHTerminalBridge.swift */; };
		D87ABB2E3C98A4C3453F55B3 /* TerminalSessionView.swift in Sources */ = {isa = PBXBuildFile; fileRef = E091B6EA3FE96947A16A8641 /* TerminalSessionView.swift */; };
		DC0032AB50CDA2A46090E194 /* SettingsView.swift in Sources */ = {isa = PBXBuildFile; fileRef = 0177C7A2D63FC83B69B99586 /* SettingsView.swift */; };
		E452CBF93BD40C0496A025F6 /* KeyImportView.swift in Sources */ = {isa = PBXBuildFile; fileRef = CA12F18B4D80D05F9622B33B /* KeyImportView.swift */; };
		E8601118D48E6FD2F5CE3477 /* ConnectionProfile.swift in Sources */ = {isa = PBXBuildFile; fileRef = ED9C617783AEA639EC35E064 /* ConnectionProfile.swift */; };
		F36FF70227679589A5F80913 /* KeyManagementService.swift in Sources */ = {isa = PBXBuildFile; fileRef = 959591801E0A0E56C1C1575D /* KeyManagementService.swift */; };
		F419A36D23E0FB6F19912C20 /* ConnectionListViewModel.swift in Sources */ = {isa = PBXBuildFile; fileRef = 5668BC9CD5B66CBC9CF53E94 /* ConnectionListViewModel.swift */; };
		FE1153B9538544468EB22CA4 /* SessionViewModel.swift in Sources */ = {isa = PBXBuildFile; fileRef = 23EA9FD2A50C2F41BA22C260 /* SessionViewModel.swift */; };
/* End PBXBuildFile section */

/* Begin PBXFileReference section */
		0177C7A2D63FC83B69B99586 /* SettingsView.swift */ = {isa = PBXFileReference; lastKnownFileType = sourcecode.swift; path = SettingsView.swift; sourceTree = "<group>"; };
		1C76084B6EF306F1DF28D7B5 /* AuthenticationType.swift */ = {isa = PBXFileReference; lastKnownFileType = sourcecode.swift; path = AuthenticationType.swift; sourceTree = "<group>"; };
		23EA9FD2A50C2F41BA22C260 /* SessionViewModel.swift */ = {isa = PBXFileReference; lastKnownFileType = sourcecode.swift; path = SessionViewModel.swift; sourceTree = "<group>"; };
		26EFA81E3707B32C57F52EA3 /* SessionManager.swift */ = {isa = PBXFileReference; lastKnownFileType = sourcecode.swift; path = SessionManager.swift; sourceTree = "<group>"; };
		2B45634D7704BBD2F583A582 /* Assets.xcassets */ = {isa = PBXFileReference; lastKnownFileType = folder.assetcatalog; path = Assets.xcassets; sourceTree = "<group>"; };
		2E188C58C72662C38AC229F1 /* TerminalViewWrapper.swift */ = {isa = PBXFileReference; lastKnownFileType = sourcecode.swift; path = TerminalViewWrapper.swift; sourceTree = "<group>"; };
		377579C92F8C5B4D772D0DA0 /* mssh.entitlements */ = {isa = PBXFileReference; lastKnownFileType = text.plist.entitlements; path = mssh.entitlements; sourceTree = "<group>"; };
		5668BC9CD5B66CBC9CF53E94 /* ConnectionListViewModel.swift */ = {isa = PBXFileReference; lastKnownFileType = sourcecode.swift; path = ConnectionListViewModel.swift; sourceTree = "<group>"; };
		601B09C1DDBC50A7980F5926 /* msshApp.swift */ = {isa = PBXFileReference; lastKnownFileType = sourcecode.swift; path = msshApp.swift; sourceTree = "<group>"; };
		60756400F8CF8C922D9D2F93 /* KeyManagerView.swift */ = {isa = PBXFileReference; lastKnownFileType = sourcecode.swift; path = KeyManagerView.swift; sourceTree = "<group>"; };
		6096DDE578DFDF9C92164CD0 /* mssh.app */ = {isa = PBXFileReference; includeInIndex = 0; lastKnownFileType = wrapper.application; path = mssh.app; sourceTree = BUILT_PRODUCTS_DIR; };
		68A5B5883EC818692D422181 /* SSHService.swift */ = {isa = PBXFileReference; lastKnownFileType = sourcecode.swift; path = SSHService.swift; sourceTree = "<group>"; };
		909FDD65165046F700279ABD /* KeychainService.swift */ = {isa = PBXFileReference; lastKnownFileType = sourcecode.swift; path = KeychainService.swift; sourceTree = "<group>"; };
		959591801E0A0E56C1C1575D /* KeyManagementService.swift */ = {isa = PBXFileReference; lastKnownFileType = sourcecode.swift; path = KeyManagementService.swift; sourceTree = "<group>"; };
		9D1DD2D0E11A233036AF9A05 /* SessionTabView.swift */ = {isa = PBXFileReference; lastKnownFileType = sourcecode.swift; path = SessionTabView.swift; sourceTree = "<group>"; };
		AE6116FE729C6C60376A1F84 /* ContentView.swift */ = {isa = PBXFileReference; lastKnownFileType = sourcecode.swift; path = ContentView.swift; sourceTree = "<group>"; };
		B875D9609D72F2D0756DD352 /* TerminalAccessoryBar.swift */ = {isa = PBXFileReference; lastKnownFileType = sourcecode.swift; path = TerminalAccessoryBar.swift; sourceTree = "<group>"; };
		B93EB2F91FD2A41BF4C5A034 /* ByteBufferExtensions.swift */ = {isa = PBXFileReference; lastKnownFileType = sourcecode.swift; path = ByteBufferExtensions.swift; sourceTree = "<group>"; };
		BC70BFE08258E7A59F450968 /* SSHKey.swift */ = {isa = PBXFileReference; lastKnownFileType = sourcecode.swift; path = SSHKey.swift; sourceTree = "<group>"; };
		C51DD844D6D264DF30FC66E0 /* SSHTerminalBridge.swift */ = {isa = PBXFileReference; lastKnownFileType = sourcecode.swift; path = SSHTerminalBridge.swift; sourceTree = "<group>"; };
		C6C007979A6AFF27A4F07916 /* TerminalTheme.swift */ = {isa = PBXFileReference; lastKnownFileType = sourcecode.swift; path = TerminalTheme.swift; sourceTree = "<group>"; };
		C883C5CC1BD60019B3BD2E61 /* KeyManagerViewModel.swift */ = {isa = PBXFileReference; lastKnownFileType = sourcecode.swift; path = KeyManagerViewModel.swift; sourceTree = "<group>"; };
		CA12F18B4D80D05F9622B33B /* KeyImportView.swift */ = {isa = PBXFileReference; lastKnownFileType = sourcecode.swift; path = KeyImportView.swift; sourceTree = "<group>"; };
		E091B6EA3FE96947A16A8641 /* TerminalSessionView.swift */ = {isa = PBXFileReference; lastKnownFileType = sourcecode.swift; path = TerminalSessionView.swift; sourceTree = "<group>"; };
		E2139BEC22559334C39E1D6B /* ConnectionFormView.swift */ = {isa = PBXFileReference; lastKnownFileType = sourcecode.swift; path = ConnectionFormView.swift; sourceTree = "<group>"; };
		ED9C617783AEA639EC35E064 /* ConnectionProfile.swift */ = {isa = PBXFileReference; lastKnownFileType = sourcecode.swift; path = ConnectionProfile.swift; sourceTree = "<group>"; };
/* End PBXFileReference section */

/* Begin PBXFrameworksBuildPhase section */
		457B94ACDDE00E181486B121 /* Frameworks */ = {
			isa = PBXFrameworksBuildPhase;
			buildActionMask = 2147483647;
			files = (
				4D97DBF2E60FE1ACFFB62DD7 /* SwiftTerm in Frameworks */,
				6CBF6EB685F45C3F61146415 /* Citadel in Frameworks */,
			);
			runOnlyForDeploymentPostprocessing = 0;
		};
/* End PBXFrameworksBuildPhase section */

/* Begin PBXGroup section */
		1DD20C8E29072557A2029606 /* Views */ = {
			isa = PBXGroup;
			children = (
				E2139BEC22559334C39E1D6B /* ConnectionFormView.swift */,
				CA12F18B4D80D05F9622B33B /* KeyImportView.swift */,
				60756400F8CF8C922D9D2F93 /* KeyManagerView.swift */,
				9D1DD2D0E11A233036AF9A05 /* SessionTabView.swift */,
				0177C7A2D63FC83B69B99586 /* SettingsView.swift */,
				E091B6EA3FE96947A16A8641 /* TerminalSessionView.swift */,
			);
			path = Views;
			sourceTree = "<group>";
		};
		210525855579CD2FC649B866 = {
			isa = PBXGroup;
			children = (
				81E6EDC524512AD9A9967E95 /* mssh */,
				8F8E870D927D11DE87B4702F /* Products */,
			);
			sourceTree = "<group>";
		};
		3C3E1BA5E96344CE433E4BD8 /* Models */ = {
			isa = PBXGroup;
			children = (
				1C76084B6EF306F1DF28D7B5 /* AuthenticationType.swift */,
				ED9C617783AEA639EC35E064 /* ConnectionProfile.swift */,
				BC70BFE08258E7A59F450968 /* SSHKey.swift */,
			);
			path = Models;
			sourceTree = "<group>";
		};
		48A800BFCC591FFDEECC72D6 /* Terminal */ = {
			isa = PBXGroup;
			children = (
				C51DD844D6D264DF30FC66E0 /* SSHTerminalBridge.swift */,
				B875D9609D72F2D0756DD352 /* TerminalAccessoryBar.swift */,
				C6C007979A6AFF27A4F07916 /* TerminalTheme.swift */,
				2E188C58C72662C38AC229F1 /* TerminalViewWrapper.swift */,
			);
			path = Terminal;
			sourceTree = "<group>";
		};
		53F7EDC68E2EA4C88DC4C1AB /* App */ = {
			isa = PBXGroup;
			children = (
				AE6116FE729C6C60376A1F84 /* ContentView.swift */,
				601B09C1DDBC50A7980F5926 /* msshApp.swift */,
			);
			path = App;
			sourceTree = "<group>";
		};
		6928C16CD6EED123B43E3B5D /* Utilities */ = {
			isa = PBXGroup;
			children = (
				B93EB2F91FD2A41BF4C5A034 /* ByteBufferExtensions.swift */,
			);
			path = Utilities;
			sourceTree = "<group>";
		};
		6CAC416807C909BCBDC81ECF /* Services */ = {
			isa = PBXGroup;
			children = (
				909FDD65165046F700279ABD /* KeychainService.swift */,
				959591801E0A0E56C1C1575D /* KeyManagementService.swift */,
				68A5B5883EC818692D422181 /* SSHService.swift */,
			);
			path = Services;
			sourceTree = "<group>";
		};
		81E6EDC524512AD9A9967E95 /* mssh */ = {
			isa = PBXGroup;
			children = (
				377579C92F8C5B4D772D0DA0 /* mssh.entitlements */,
				53F7EDC68E2EA4C88DC4C1AB /* App */,
				3C3E1BA5E96344CE433E4BD8 /* Models */,
				E702430DF272DDE509884A2B /* Resources */,
				6CAC416807C909BCBDC81ECF /* Services */,
				48A800BFCC591FFDEECC72D6 /* Terminal */,
				6928C16CD6EED123B43E3B5D /* Utilities */,
				ED8D1681A27B438D0CF612BC /* ViewModels */,
				1DD20C8E29072557A2029606 /* Views */,
			);
			path = mssh;
			sourceTree = "<group>";
		};
		8F8E870D927D11DE87B4702F /* Products */ = {
			isa = PBXGroup;
			children = (
				6096DDE578DFDF9C92164CD0 /* mssh.app */,
			);
			name = Products;
			sourceTree = "<group>";
		};
		E702430DF272DDE509884A2B /* Resources */ = {
			isa = PBXGroup;
			children = (
				2B45634D7704BBD2F583A582 /* Assets.xcassets */,
			);
			path = Resources;
			sourceTree = "<group>";
		};
		ED8D1681A27B438D0CF612BC /* ViewModels */ = {
			isa = PBXGroup;
			children = (
				5668BC9CD5B66CBC9CF53E94 /* ConnectionListViewModel.swift */,
				C883C5CC1BD60019B3BD2E61 /* KeyManagerViewModel.swift */,
				26EFA81E3707B32C57F52EA3 /* SessionManager.swift */,
				23EA9FD2A50C2F41BA22C260 /* SessionViewModel.swift */,
			);
			path = ViewModels;
			sourceTree = "<group>";
		};
/* End PBXGroup section */

/* Begin PBXNativeTarget section */
		FB4BB98B799997D3C5A3581D /* mssh */ = {
			isa = PBXNativeTarget;
			buildConfigurationList = EA8AD3078246E8862322BBA5 /* Build configuration list for PBXNativeTarget "mssh" */;
			buildPhases = (
				A0973720120157B03B04B2ED /* Sources */,
				5DBCDBCD6D2543BF23AEC7FD /* Resources */,
				457B94ACDDE00E181486B121 /* Frameworks */,
			);
			buildRules = (
			);
			dependencies = (
			);
			name = mssh;
			packageProductDependencies = (
				92DC4C7B3FB1989C7E410053 /* SwiftTerm */,
				D026A404D69C780DF051173B /* Citadel */,
			);
			productName = mssh;
			productReference = 6096DDE578DFDF9C92164CD0 /* mssh.app */;
			productType = "com.apple.product-type.application";
		};
/* End PBXNativeTarget section */

/* Begin PBXProject section */
		BBF4243CE260C7198474475D /* Project object */ = {
			isa = PBXProject;
			attributes = {
				BuildIndependentTargetsInParallel = YES;
				LastUpgradeCheck = 1600;
				TargetAttributes = {
					FB4BB98B799997D3C5A3581D = {
						DevelopmentTeam = "";
					};
				};
			};
			buildConfigurationList = DEFF84C951A10274EFF21FFC /* Build configuration list for PBXProject "mssh" */;
			compatibilityVersion = "Xcode 14.0";
			developmentRegion = en;
			hasScannedForEncodings = 0;
			knownRegions = (
				Base,
				en,
			);
			mainGroup = 210525855579CD2FC649B866;
			packageReferences = (
				4443D797EEECC2CEB6A0C6B9 /* XCRemoteSwiftPackageReference "Citadel" */,
				2CFB5A4E7BE5C130C54D4529 /* XCRemoteSwiftPackageReference "SwiftTerm" */,
			);
			projectDirPath = "";
			projectRoot = "";
			targets = (
				FB4BB98B799997D3C5A3581D /* mssh */,
			);
		};
/* End PBXProject section */

/* Begin PBXResourcesBuildPhase section */
		5DBCDBCD6D2543BF23AEC7FD /* Resources */ = {
			isa = PBXResourcesBuildPhase;
			buildActionMask = 2147483647;
			files = (
				C3DBE9AFFDB97EB7DC7680CD /* Assets.xcassets in Resources */,
			);
			runOnlyForDeploymentPostprocessing = 0;
		};
/* End PBXResourcesBuildPhase section */

/* Begin PBXSourcesBuildPhase section */
		A0973720120157B03B04B2ED /* Sources */ = {
			isa = PBXSourcesBuildPhase;
			buildActionMask = 2147483647;
			files = (
				06430AE6AAA488D239CDA5E6 /* AuthenticationType.swift in Sources */,
				7FBB2D69487B1587844A70D7 /* ByteBufferExtensions.swift in Sources */,
				3328B5BA19468F8E563CD144 /* ConnectionFormView.swift in Sources */,
				F419A36D23E0FB6F19912C20 /* ConnectionListViewModel.swift in Sources */,
				E8601118D48E6FD2F5CE3477 /* ConnectionProfile.swift in Sources */,
				7E9F0B0912483FE5380A316D /* ContentView.swift in Sources */,
				E452CBF93BD40C0496A025F6 /* KeyImportView.swift in Sources */,
				F36FF70227679589A5F80913 /* KeyManagementService.swift in Sources */,
				396E2A3DDAE3B82F71288FD3 /* KeyManagerView.swift in Sources */,
				2205C924B930CF5A11D41E28 /* KeyManagerViewModel.swift in Sources */,
				5A20B86CD3050278DB9751BC /* KeychainService.swift in Sources */,
				A6944EF3F859E9879219F2C0 /* SSHKey.swift in Sources */,
				02449EDA0A977F06DB45F2A4 /* SSHService.swift in Sources */,
				D828F227AE6D4F23CFE654B3 /* SSHTerminalBridge.swift in Sources */,
				D609842780105DA9F33B2B7B /* SessionManager.swift in Sources */,
				2962683E98D245BCE66CA7D1 /* SessionTabView.swift in Sources */,
				FE1153B9538544468EB22CA4 /* SessionViewModel.swift in Sources */,
				DC0032AB50CDA2A46090E194 /* SettingsView.swift in Sources */,
				40A6D46585E3B53F8A5ABCDA /* TerminalAccessoryBar.swift in Sources */,
				D87ABB2E3C98A4C3453F55B3 /* TerminalSessionView.swift in Sources */,
				14E9201083B036E3A306148F /* TerminalTheme.swift in Sources */,
				2DD8D73BA708E67500F7FC3A /* TerminalViewWrapper.swift in Sources */,
				CDFD7C744EACBD0640751A23 /* msshApp.swift in Sources */,
			);
			runOnlyForDeploymentPostprocessing = 0;
		};
/* End PBXSourcesBuildPhase section */

/* Begin XCBuildConfiguration section */
		2D8744DB8953E05AC106003F /* Release */ = {
			isa = XCBuildConfiguration;
			buildSettings = {
				ALWAYS_SEARCH_USER_PATHS = NO;
				CLANG_ANALYZER_NONNULL = YES;
				CLANG_ANALYZER_NUMBER_OBJECT_CONVERSION = YES_AGGRESSIVE;
				CLANG_CXX_LANGUAGE_STANDARD = "gnu++14";
				CLANG_CXX_LIBRARY = "libc++";
				CLANG_ENABLE_MODULES = YES;
				CLANG_ENABLE_OBJC_ARC = YES;
				CLANG_ENABLE_OBJC_WEAK = YES;
				CLANG_WARN_BLOCK_CAPTURE_AUTORELEASING = YES;
				CLANG_WARN_BOOL_CONVERSION = YES;
				CLANG_WARN_COMMA = YES;
				CLANG_WARN_CONSTANT_CONVERSION = YES;
				CLANG_WARN_DEPRECATED_OBJC_IMPLEMENTATIONS = YES;
				CLANG_WARN_DIRECT_OBJC_ISA_USAGE = YES_ERROR;
				CLANG_WARN_DOCUMENTATION_COMMENTS = YES;
				CLANG_WARN_EMPTY_BODY = YES;
				CLANG_WARN_ENUM_CONVERSION = YES;
				CLANG_WARN_INFINITE_RECURSION = YES;
				CLANG_WARN_INT_CONVERSION = YES;
				CLANG_WARN_NON_LITERAL_NULL_CONVERSION = YES;
				CLANG_WARN_OBJC_IMPLICIT_RETAIN_SELF = YES;
				CLANG_WARN_OBJC_LITERAL_CONVERSION = YES;
				CLANG_WARN_OBJC_ROOT_CLASS = YES_ERROR;
				CLANG_WARN_QUOTED_INCLUDE_IN_FRAMEWORK_HEADER = YES;
				CLANG_WARN_RANGE_LOOP_ANALYSIS = YES;
				CLANG_WARN_STRICT_PROTOTYPES = YES;
				CLANG_WARN_SUSPICIOUS_MOVE = YES;
				CLANG_WARN_UNGUARDED_AVAILABILITY = YES_AGGRESSIVE;
				CLANG_WARN_UNREACHABLE_CODE = YES;
				CLANG_WARN__DUPLICATE_METHOD_MATCH = YES;
				COPY_PHASE_STRIP = NO;
				DEBUG_INFORMATION_FORMAT = "dwarf-with-dsym";
				ENABLE_NS_ASSERTIONS = NO;
				ENABLE_STRICT_OBJC_MSGSEND = YES;
				GCC_C_LANGUAGE_STANDARD = gnu11;
				GCC_NO_COMMON_BLOCKS = YES;
				GCC_WARN_64_TO_32_BIT_CONVERSION = YES;
				GCC_WARN_ABOUT_RETURN_TYPE = YES_ERROR;
				GCC_WARN_UNDECLARED_SELECTOR = YES;
				GCC_WARN_UNINITIALIZED_AUTOS = YES_AGGRESSIVE;
				GCC_WARN_UNUSED_FUNCTION = YES;
				GCC_WARN_UNUSED_VARIABLE = YES;
				INFOPLIST_KEY_UILaunchScreen_Generation = YES;
				IPHONEOS_DEPLOYMENT_TARGET = 17.0;
				MTL_ENABLE_DEBUG_INFO = NO;
				MTL_FAST_MATH = YES;
				PRODUCT_NAME = "$(TARGET_NAME)";
				SDKROOT = iphoneos;
				SWIFT_COMPILATION_MODE = wholemodule;
				SWIFT_OPTIMIZATION_LEVEL = "-O";
				SWIFT_VERSION = 5.9;
				TARGETED_DEVICE_FAMILY = "1,2";
			};
			name = Release;
		};
		497A40CDB32DFD6279DD6E88 /* Release */ = {
			isa = XCBuildConfiguration;
			buildSettings = {
				ASSETCATALOG_COMPILER_APPICON_NAME = AppIcon;
				CODE_SIGN_ENTITLEMENTS = mssh/mssh.entitlements;
				CODE_SIGN_IDENTITY = "iPhone Developer";
				DEVELOPMENT_TEAM = "";
				INFOPLIST_KEY_CFBundleDisplayName = mSSH;
				INFOPLIST_KEY_UIApplicationSceneManifest_Generation = YES;
				LD_RUNPATH_SEARCH_PATHS = (
					"$(inherited)",
					"@executable_path/Frameworks",
				);
				PRODUCT_BUNDLE_IDENTIFIER = com.m4ck.mssh;
				SDKROOT = iphoneos;
				TARGETED_DEVICE_FAMILY = "1,2";
			};
			name = Release;
		};
		F2AEC800BB027D53667818E7 /* Debug */ = {
			isa = XCBuildConfiguration;
			buildSettings = {
				ASSETCATALOG_COMPILER_APPICON_NAME = AppIcon;
				CODE_SIGN_ENTITLEMENTS = mssh/mssh.entitlements;
				CODE_SIGN_IDENTITY = "iPhone Developer";
				DEVELOPMENT_TEAM = "";
				INFOPLIST_KEY_CFBundleDisplayName = mSSH;
				INFOPLIST_KEY_UIApplicationSceneManifest_Generation = YES;
				LD_RUNPATH_SEARCH_PATHS = (
					"$(inherited)",
					"@executable_path/Frameworks",
				);
				PRODUCT_BUNDLE_IDENTIFIER = com.m4ck.mssh;
				SDKROOT = iphoneos;
				TARGETED_DEVICE_FAMILY = "1,2";
			};
			name = Debug;
		};
		F827D5B551C20BD52E9FED52 /* Debug */ = {
			isa = XCBuildConfiguration;
			buildSettings = {
				ALWAYS_SEARCH_USER_PATHS = NO;
				CLANG_ANALYZER_NONNULL = YES;
				CLANG_ANALYZER_NUMBER_OBJECT_CONVERSION = YES_AGGRESSIVE;
				CLANG_CXX_LANGUAGE_STANDARD = "gnu++14";
				CLANG_CXX_LIBRARY = "libc++";
				CLANG_ENABLE_MODULES = YES;
				CLANG_ENABLE_OBJC_ARC = YES;
				CLANG_ENABLE_OBJC_WEAK = YES;
				CLANG_WARN_BLOCK_CAPTURE_AUTORELEASING = YES;
				CLANG_WARN_BOOL_CONVERSION = YES;
				CLANG_WARN_COMMA = YES;
				CLANG_WARN_CONSTANT_CONVERSION = YES;
				CLANG_WARN_DEPRECATED_OBJC_IMPLEMENTATIONS = YES;
				CLANG_WARN_DIRECT_OBJC_ISA_USAGE = YES_ERROR;
				CLANG_WARN_DOCUMENTATION_COMMENTS = YES;
				CLANG_WARN_EMPTY_BODY = YES;
				CLANG_WARN_ENUM_CONVERSION = YES;
				CLANG_WARN_INFINITE_RECURSION = YES;
				CLANG_WARN_INT_CONVERSION = YES;
				CLANG_WARN_NON_LITERAL_NULL_CONVERSION = YES;
				CLANG_WARN_OBJC_IMPLICIT_RETAIN_SELF = YES;
				CLANG_WARN_OBJC_LITERAL_CONVERSION = YES;
				CLANG_WARN_OBJC_ROOT_CLASS = YES_ERROR;
				CLANG_WARN_QUOTED_INCLUDE_IN_FRAMEWORK_HEADER = YES;
				CLANG_WARN_RANGE_LOOP_ANALYSIS = YES;
				CLANG_WARN_STRICT_PROTOTYPES = YES;
				CLANG_WARN_SUSPICIOUS_MOVE = YES;
				CLANG_WARN_UNGUARDED_AVAILABILITY = YES_AGGRESSIVE;
				CLANG_WARN_UNREACHABLE_CODE = YES;
				CLANG_WARN__DUPLICATE_METHOD_MATCH = YES;
				COPY_PHASE_STRIP = NO;
				DEBUG_INFORMATION_FORMAT = dwarf;
				ENABLE_STRICT_OBJC_MSGSEND = YES;
				ENABLE_TESTABILITY = YES;
				GCC_C_LANGUAGE_STANDARD = gnu11;
				GCC_DYNAMIC_NO_PIC = NO;
				GCC_NO_COMMON_BLOCKS = YES;
				GCC_OPTIMIZATION_LEVEL = 0;
				GCC_PREPROCESSOR_DEFINITIONS = (
					"$(inherited)",
					"DEBUG=1",
				);
				GCC_WARN_64_TO_32_BIT_CONVERSION = YES;
				GCC_WARN_ABOUT_RETURN_TYPE = YES_ERROR;
				GCC_WARN_UNDECLARED_SELECTOR = YES;
				GCC_WARN_UNINITIALIZED_AUTOS = YES_AGGRESSIVE;
				GCC_WARN_UNUSED_FUNCTION = YES;
				GCC_WARN_UNUSED_VARIABLE = YES;
				INFOPLIST_KEY_UILaunchScreen_Generation = YES;
				IPHONEOS_DEPLOYMENT_TARGET = 17.0;
				MTL_ENABLE_DEBUG_INFO = INCLUDE_SOURCE;
				MTL_FAST_MATH = YES;
				ONLY_ACTIVE_ARCH = YES;
				PRODUCT_NAME = "$(TARGET_NAME)";
				SDKROOT = iphoneos;
				SWIFT_ACTIVE_COMPILATION_CONDITIONS = DEBUG;
				SWIFT_OPTIMIZATION_LEVEL = "-Onone";
				SWIFT_VERSION = 5.9;
				TARGETED_DEVICE_FAMILY = "1,2";
			};
			name = Debug;
		};
/* End XCBuildConfiguration section */

/* Begin XCConfigurationList section */
		DEFF84C951A10274EFF21FFC /* Build configuration list for PBXProject "mssh" */ = {
			isa = XCConfigurationList;
			buildConfigurations = (
				F827D5B551C20BD52E9FED52 /* Debug */,
				2D8744DB8953E05AC106003F /* Release */,
			);
			defaultConfigurationIsVisible = 0;
			defaultConfigurationName = Debug;
		};
		EA8AD3078246E8862322BBA5 /* Build configuration list for PBXNativeTarget "mssh" */ = {
			isa = XCConfigurationList;
			buildConfigurations = (
				F2AEC800BB027D53667818E7 /* Debug */,
				497A40CDB32DFD6279DD6E88 /* Release */,
			);
			defaultConfigurationIsVisible = 0;
			defaultConfigurationName = Debug;
		};
/* End XCConfigurationList section */

/* Begin XCRemoteSwiftPackageReference section */
		2CFB5A4E7BE5C130C54D4529 /* XCRemoteSwiftPackageReference "SwiftTerm" */ = {
			isa = XCRemoteSwiftPackageReference;
			repositoryURL = "https://github.com/migueldeicaza/SwiftTerm";
			requirement = {
				kind = upToNextMajorVersion;
				minimumVersion = 2.0.0;
			};
		};
		4443D797EEECC2CEB6A0C6B9 /* XCRemoteSwiftPackageReference "Citadel" */ = {
			isa = XCRemoteSwiftPackageReference;
			repositoryURL = "https://github.com/orlandos-nl/Citadel";
			requirement = {
				kind = upToNextMajorVersion;
				minimumVersion = 0.7.0;
			};
		};
/* End XCRemoteSwiftPackageReference section */

/* Begin XCSwiftPackageProductDependency section */
		92DC4C7B3FB1989C7E410053 /* SwiftTerm */ = {
			isa = XCSwiftPackageProductDependency;
			package = 2CFB5A4E7BE5C130C54D4529 /* XCRemoteSwiftPackageReference "SwiftTerm" */;
			productName = SwiftTerm;
		};
		D026A404D69C780DF051173B /* Citadel */ = {
			isa = XCSwiftPackageProductDependency;
			package = 4443D797EEECC2CEB6A0C6B9 /* XCRemoteSwiftPackageReference "Citadel" */;
			productName = Citadel;
		};
/* End XCSwiftPackageProductDependency section */
	};
	rootObject = BBF4243CE260C7198474475D /* Project object */;
}
