// !$*UTF8*$!
{
	archiveVersion = 1;
	classes = {
	};
	objectVersion = 54;
	objects = {

/* Begin PBXBuildFile section */
		02449EDA0A977F06DB45F2A4 /* SSHService.swift in Sources */ = {isa = PBXBuildFile; fileRef = 68A5B5883EC818692D422181 /* SSHService.swift */; };
		0471C5C0EAEAD768378F3176 /* LockScreenView.swift in Sources */ = {isa = PBXBuildFile; fileRef = 4779110E52A9215B817C36AA /* LockScreenView.swift */; };
		051EB0B26D3E7B1129D9796C /* ConnectionListViewModel.swift in Sources */ = {isa = PBXBuildFile; fileRef = 5668BC9CD5B66CBC9CF53E94 /* ConnectionListViewModel.swift */; };
		06430AE6AAA488D239CDA5E6 /* AuthenticationType.swift in Sources */ = {isa = PBXBuildFile; fileRef = 1C76084B6EF306F1DF28D7B5 /* AuthenticationType.swift */; };
		07CF839E549D77161ED6D808 /* SessionManager.swift in Sources */ = {isa = PBXBuildFile; fileRef = 26EFA81E3707B32C57F52EA3 /* SessionManager.swift */; };
		0B16FB80DEA5B00113330861 /* SSHKeyImporter.swift in Sources */ = {isa = PBXBuildFile; fileRef = 616E7251A02F9663551227E0 /* SSHKeyImporter.swift */; };
		0BDD981235392C8F1C762F93 /* SFTPTransferView.swift in Sources */ = {isa = PBXBuildFile; fileRef = E8C18C4B3A4DEA5E444D93BD /* SFTPTransferView.swift */; };
		1219BA643A2398FAD7EA5504 /* KnownHostsView.swift in Sources */ = {isa = PBXBuildFile; fileRef = 41320225638BEEB94441D486 /* KnownHostsView.swift */; };
		126543FE8A1831B51D63C4F1 /* SSHConfigImportView.swift in Sources */ = {isa = PBXBuildFile; fileRef = CEF50C575581C506DC0E26B6 /* SSHConfigImportView.swift */; };
		1410CA363B4B82E2286243A7 /* AppPreferences.swift in Sources */ = {isa = PBXBuildFile; fileRef = BF9BA75AA8A7880B0A2F2599 /* AppPreferences.swift */; };
		14E9201083B036E3A306148F /* TerminalTheme.swift in Sources */ = {isa = PBXBuildFile; fileRef = C6C007979A6AFF27A4F07916 /* TerminalTheme.swift */; };
		1561EB21ADDD8BA606C043A8 /* TerminalSessionView.swift in Sources */ = {isa = PBXBuildFile; fileRef = E091B6EA3FE96947A16A8641 /* TerminalSessionView.swift */; };
		1795BE6D0BFC0698C21263EC /* PEMParser.swift in Sources */ = {isa = PBXBuildFile; fileRef = DC6E596D8EC9AFA9A13E5A10 /* PEMParser.swift */; };
		182DD8A850908B2B53A1255E /* HostKeyPromptView.swift in Sources */ = {isa = PBXBuildFile; fileRef = 1D682AFC8C0FBF595E06213A /* HostKeyPromptView.swift */; };
		1DBCAD3E207A95F7FCC3CC4F /* BiometricService.swift in Sources */ = {isa = PBXBuildFile; fileRef = 6B0A02843D03F8D3DB0FF33F /* BiometricService.swift */; };
		1F275A4DBB983110A4334115 /* WelcomeView.swift in Sources */ = {isa = PBXBuildFile; fileRef = C4C36F5844F7FC5EB61B9584 /* WelcomeView.swift */; };
		2205C924B930CF5A11D41E28 /* KeyManagerViewModel.swift in Sources */ = {isa = PBXBuildFile; fileRef = C883C5CC1BD60019B3BD2E61 /* KeyManagerViewModel.swift */; };
		24CC55D3EAF9766900D4E83C /* Snippet.swift in Sources */ = {isa = PBXBuildFile; fileRef = 4E60B31C190DFB0902376E10 /* Snippet.swift */; };
		29609FD5D5FD1758299679B1 /* SSHFolderImporter.swift in Sources */ = {isa = PBXBuildFile; fileRef = 218DA3724C2366E3F304F869 /* SSHFolderImporter.swift */; };
		2962683E98D245BCE66CA7D1 /* SessionTabView.swift in Sources */ = {isa = PBXBuildFile; fileRef = 9D1DD2D0E11A233036AF9A05 /* SessionTabView.swift */; };
		2DD8D73BA708E67500F7FC3A /* TerminalViewWrapper.swift in Sources */ = {isa = PBXBuildFile; fileRef = 2E188C58C72662C38AC229F1 /* TerminalViewWrapper.swift */; };
		3108F246605DEF952B6B9FD2 /* msshApp.swift in Sources */ = {isa = PBXBuildFile; fileRef = 601B09C1DDBC50A7980F5926 /* msshApp.swift */; };
		3328B5BA19468F8E563CD144 /* ConnectionFormView.swift in Sources */ = {isa = PBXBuildFile; fileRef = E2139BEC22559334C39E1D6B /* ConnectionFormView.swift */; };
		3628E46DB78E8ADCD9369A4D /* SFTPFileItem.swift in Sources */ = {isa = PBXBuildFile; fileRef = 3AB961701961DBB93FCCD0EE /* SFTPFileItem.swift */; };
		38749EBC6D505A6A6516067B /* SFTPBrowserView.swift in Sources */ = {isa = PBXBuildFile; fileRef = 745AECEC67D542E067D9EAED /* SFTPBrowserView.swift */; };
		396E2A3DDAE3B82F71288FD3 /* KeyManagerView.swift in Sources */ = {isa = PBXBuildFile; fileRef = 60756400F8CF8C922D9D2F93 /* KeyManagerView.swift */; };
		39C41163FEEB4B74BF92FBB7 /* iCloudSyncService.swift in Sources */ = {isa = PBXBuildFile; fileRef = 70F20C3600FF37D726D14A77 /* iCloudSyncService.swift */; };
		3A8D99AAB45ECB9E2F49F0F4 /* ConnectionProfile.swift in Sources */ = {isa = PBXBuildFile; fileRef = ED9C617783AEA639EC35E064 /* ConnectionProfile.swift */; };
		3E69E04C18A4720B34291EF3 /* SyncStatusView.swift in Sources */ = {isa = PBXBuildFile; fileRef = AEB3DD33B9CC1A612DC13A89 /* SyncStatusView.swift */; };
		401776549B9A34B0D1F94C35 /* Citadel in Frameworks */ = {isa = PBXBuildFile; productRef = 1670105D8DD5A1DC956F8FBE /* Citadel */; };
		40A6D46585E3B53F8A5ABCDA /* TerminalAccessoryBar.swift in Sources */ = {isa = PBXBuildFile; fileRef = B875D9609D72F2D0756DD352 /* TerminalAccessoryBar.swift */; };
		42B9DFE4347D73CA4688291B /* SSHConfigParser.swift in Sources */ = {isa = PBXBuildFile; fileRef = FB031C08400C9C03B917CA29 /* SSHConfigParser.swift */; };
		433EB81205933F06DB257C60 /* ConnectionFormView.swift in Sources */ = {isa = PBXBuildFile; fileRef = E2139BEC22559334C39E1D6B /* ConnectionFormView.swift */; };
		46ABBADD1356356BF3CCB200 /* Snippet.swift in Sources */ = {isa = PBXBuildFile; fileRef = 4E60B31C190DFB0902376E10 /* Snippet.swift */; };
		47C7F7CFD7B0FB3B237B4828 /* WelcomeView.swift in Sources */ = {isa = PBXBuildFile; fileRef = C4C36F5844F7FC5EB61B9584 /* WelcomeView.swift */; };
		49A8C7D92068EE3FCEF1AC56 /* ByteBufferExtensions.swift in Sources */ = {isa = PBXBuildFile; fileRef = B93EB2F91FD2A41BF4C5A034 /* ByteBufferExtensions.swift */; };
		49E6ADBBA45A4B4D498F6A6B /* PlatformHelpers.swift in Sources */ = {isa = PBXBuildFile; fileRef = 46CA4175507906978E2FF531 /* PlatformHelpers.swift */; };
		4A92B78CC9478AC85A7C5D65 /* DesignSystem.swift in Sources */ = {isa = PBXBuildFile; fileRef = 2CBA64AAB32623E773DF1A60 /* DesignSystem.swift */; };
		4AE3ADB61A071BDBDF69DD2B /* SSHConfigImportView.swift in Sources */ = {isa = PBXBuildFile; fileRef = CEF50C575581C506DC0E26B6 /* SSHConfigImportView.swift */; };
		4D97DBF2E60FE1ACFFB62DD7 /* SwiftTerm in Frameworks */ = {isa = PBXBuildFile; productRef = 92DC4C7B3FB1989C7E410053 /* SwiftTerm */; };
		4DACAF1BBC41EE0B15C8EC62 /* BiometricService.swift in Sources */ = {isa = PBXBuildFile; fileRef = 6B0A02843D03F8D3DB0FF33F /* BiometricService.swift */; };
		4FC8C09D984B7EEAC0F711E2 /* PortForwardEditorView.swift in Sources */ = {isa = PBXBuildFile; fileRef = 3397030C752ACA31B33F3C22 /* PortForwardEditorView.swift */; };
		5067704C93FFE411AB4DBA8F /* TerminalTheme.swift in Sources */ = {isa = PBXBuildFile; fileRef = C6C007979A6AFF27A4F07916 /* TerminalTheme.swift */; };
		51CC9A5C9244C911B07716BC /* AppPreferences.swift in Sources */ = {isa = PBXBuildFile; fileRef = BF9BA75AA8A7880B0A2F2599 /* AppPreferences.swift */; };
		5340709E55BCC80C17348BC2 /* SSHKey.swift in Sources */ = {isa = PBXBuildFile; fileRef = BC70BFE08258E7A59F450968 /* SSHKey.swift */; };
		57312E6C831ABBA6724DBC97 /* SSHFolderImporter.swift in Sources */ = {isa = PBXBuildFile; fileRef = 218DA3724C2366E3F304F869 /* SSHFolderImporter.swift */; };
		5A20B86CD3050278DB9751BC /* KeychainService.swift in Sources */ = {isa = PBXBuildFile; fileRef = 909FDD65165046F700279ABD /* KeychainService.swift */; };
		5D34C88E7D66B04C74BFF544 /* AutoImportService.swift in Sources */ = {isa = PBXBuildFile; fileRef = 7053580E1B161DA68239009C /* AutoImportService.swift */; };
		65B18FB15574DE08AC16E538 /* PortForward.swift in Sources */ = {isa = PBXBuildFile; fileRef = D23C1F032FD0B5514C3C2951 /* PortForward.swift */; };
		68C33641827F1C36B6D74830 /* PortForwardEditorView.swift in Sources */ = {isa = PBXBuildFile; fileRef = 3397030C752ACA31B33F3C22 /* PortForwardEditorView.swift */; };
		6A62933847D0CF28AB37A958 /* SnippetsView.swift in Sources */ = {isa = PBXBuildFile; fileRef = 6AA359666A83DEB8251A8B7F /* SnippetsView.swift */; };
		6A8AFDF2DB0EEA3C734691E7 /* LockScreenView.swift in Sources */ = {isa = PBXBuildFile; fileRef = 4779110E52A9215B817C36AA /* LockScreenView.swift */; };
		6CBF6EB685F45C3F61146415 /* Citadel in Frameworks */ = {isa = PBXBuildFile; productRef = D026A404D69C780DF051173B /* Citadel */; };
		71E0924B81202CB3AED9D69D /* SFTPService.swift in Sources */ = {isa = PBXBuildFile; fileRef = 97296C3E64F40DE0B6AC61ED /* SFTPService.swift */; };
		72948488E49D0C8E096E5CCB /* Assets.xcassets in Resources */ = {isa = PBXBuildFile; fileRef = 2B45634D7704BBD2F583A582 /* Assets.xcassets */; };
		7CB5346775B62038501998EE /* KeyImportView.swift in Sources */ = {isa = PBXBuildFile; fileRef = CA12F18B4D80D05F9622B33B /* KeyImportView.swift */; };
		7D7AFE741554A75CD7AE23EA /* SettingsView.swift in Sources */ = {isa = PBXBuildFile; fileRef = 0177C7A2D63FC83B69B99586 /* SettingsView.swift */; };
		7E9F0B0912483FE5380A316D /* ContentView.swift in Sources */ = {isa = PBXBuildFile; fileRef = AE6116FE729C6C60376A1F84 /* ContentView.swift */; };
		7FBB2D69487B1587844A70D7 /* ByteBufferExtensions.swift in Sources */ = {isa = PBXBuildFile; fileRef = B93EB2F91FD2A41BF4C5A034 /* ByteBufferExtensions.swift */; };
		853653873B67227BF5CA1236 /* SplitTerminalView.swift in Sources */ = {isa = PBXBuildFile; fileRef = BD1AC64D7020EC63201B43CB /* SplitTerminalView.swift */; };
		85AFF3888C131DD27170F9F9 /* KnownHostsView.swift in Sources */ = {isa = PBXBuildFile; fileRef = 41320225638BEEB94441D486 /* KnownHostsView.swift */; };
		85B3E4D56D024C9C09C382E7 /* AuthenticationType.swift in Sources */ = {isa = PBXBuildFile; fileRef = 1C76084B6EF306F1DF28D7B5 /* AuthenticationType.swift */; };
		86B52BEE451EB1B230A203D5 /* SFTPTransferView.swift in Sources */ = {isa = PBXBuildFile; fileRef = E8C18C4B3A4DEA5E444D93BD /* SFTPTransferView.swift */; };
		8CB85E8A47D7C29F3CF8F3E0 /* SFTPBrowserView.swift in Sources */ = {isa = PBXBuildFile; fileRef = 745AECEC67D542E067D9EAED /* SFTPBrowserView.swift */; };
		8DD8B5864812FBAC78891FE0 /* HostKeyPromptView.swift in Sources */ = {isa = PBXBuildFile; fileRef = 1D682AFC8C0FBF595E06213A /* HostKeyPromptView.swift */; };
		8F6789E25A41C29150DEFFF5 /* PortForward.swift in Sources */ = {isa = PBXBuildFile; fileRef = D23C1F032FD0B5514C3C2951 /* PortForward.swift */; };
		92D55A48F7B725C926A325F0 /* iCloudSyncService.swift in Sources */ = {isa = PBXBuildFile; fileRef = 70F20C3600FF37D726D14A77 /* iCloudSyncService.swift */; };
		970D9CC52F02F0B93F7C3D16 /* MacSetupGuideView.swift in Sources */ = {isa = PBXBuildFile; fileRef = 7FAED55A9BED2A99EA4C34AE /* MacSetupGuideView.swift */; };
		A54317015627578CD1ECBA57 /* KeyManagementService.swift in Sources */ = {isa = PBXBuildFile; fileRef = 959591801E0A0E56C1C1575D /* KeyManagementService.swift */; };
		A6417AAE39F2FF2A56DDE3A6 /* PEMParser.swift in Sources */ = {isa = PBXBuildFile; fileRef = DC6E596D8EC9AFA9A13E5A10 /* PEMParser.swift */; };
		A6944EF3F859E9879219F2C0 /* SSHKey.swift in Sources */ = {isa = PBXBuildFile; fileRef = BC70BFE08258E7A59F450968 /* SSHKey.swift */; };
		A82CFA4CDD11E443C1E05ADD /* SFTPFileItem.swift in Sources */ = {isa = PBXBuildFile; fileRef = 3AB961701961DBB93FCCD0EE /* SFTPFileItem.swift */; };
		A8B2CCC70DA89FC78F27FCFB /* SFTPService.swift in Sources */ = {isa = PBXBuildFile; fileRef = 97296C3E64F40DE0B6AC61ED /* SFTPService.swift */; };
		A8DDD18A368887DEAED9F42D /* KeyManagerViewModel.swift in Sources */ = {isa = PBXBuildFile; fileRef = C883C5CC1BD60019B3BD2E61 /* KeyManagerViewModel.swift */; };
		ACE9950BF4DC5397E3753EED /* KeyImportWizardView.swift in Sources */ = {isa = PBXBuildFile; fileRef = F688018A6DA8B0736D35DEF5 /* KeyImportWizardView.swift */; };
		AE109019642DB4A700D07017 /* PortForwardManager.swift in Sources */ = {isa = PBXBuildFile; fileRef = 9093553206D96659540571B9 /* PortForwardManager.swift */; };
		AEE062095C8122E12B785505 /* TerminalAccessoryBar.swift in Sources */ = {isa = PBXBuildFile; fileRef = B875D9609D72F2D0756DD352 /* TerminalAccessoryBar.swift */; };
		B2A7542C9039D43F2EAE3AA4 /* KnownHost.swift in Sources */ = {isa = PBXBuildFile; fileRef = 62FC07E100CD49FD12473CCF /* KnownHost.swift */; };
		B30CEF7D44B3DF42C74A7BA8 /* SwiftTerm in Frameworks */ = {isa = PBXBuildFile; productRef = 43567A3E4811E967A3E77ECA /* SwiftTerm */; };
		B44BFC94363BB60974D4C903 /* SSHService.swift in Sources */ = {isa = PBXBuildFile; fileRef = 68A5B5883EC818692D422181 /* SSHService.swift */; };
		B5B14D25DEC4B44518080853 /* PortForwardManager.swift in Sources */ = {isa = PBXBuildFile; fileRef = 9093553206D96659540571B9 /* PortForwardManager.swift */; };
		B87DCB05B567F73B5ABD5311 /* KeyImportWizardView.swift in Sources */ = {isa = PBXBuildFile; fileRef = F688018A6DA8B0736D35DEF5 /* KeyImportWizardView.swift */; };
		C26CACA86303777DA0624411 /* KeychainService.swift in Sources */ = {isa = PBXBuildFile; fileRef = 909FDD65165046F700279ABD /* KeychainService.swift */; };
		C3DBE9AFFDB97EB7DC7680CD /* Assets.xcassets in Resources */ = {isa = PBXBuildFile; fileRef = 2B45634D7704BBD2F583A582 /* Assets.xcassets */; };
		CDFD7C744EACBD0640751A23 /* msshApp.swift in Sources */ = {isa = PBXBuildFile; fileRef = 601B09C1DDBC50A7980F5926 /* msshApp.swift */; };
		CF6828563E5D538451B33C3A /* MacSetupGuideView.swift in Sources */ = {isa = PBXBuildFile; fileRef = 7FAED55A9BED2A99EA4C34AE /* MacSetupGuideView.swift */; };
		D11DD0786FA894A407DF54F1 /* TerminalViewWrapper.swift in Sources */ = {isa = PBXBuildFile; fileRef = 2E188C58C72662C38AC229F1 /* TerminalViewWrapper.swift */; };
		D22D8B0F4562B7667885FF6B /* PlatformHelpers.swift in Sources */ = {isa = PBXBuildFile; fileRef = 46CA4175507906978E2FF531 /* PlatformHelpers.swift */; };
		D4289FE162E0D075AE09107A /* SyncStatusView.swift in Sources */ = {isa = PBXBuildFile; fileRef = AEB3DD33B9CC1A612DC13A89 /* SyncStatusView.swift */; };
		D609842780105DA9F33B2B7B /* SessionManager.swift in Sources */ = {isa = PBXBuildFile; fileRef = 26EFA81E3707B32C57F52EA3 /* SessionManager.swift */; };
		D74D33BB704C4FD47C7FAD17 /* ContentView.swift in Sources */ = {isa = PBXBuildFile; fileRef = AE6116FE729C6C60376A1F84 /* ContentView.swift */; };
		D828F227AE6D4F23CFE654B3 /* SSHTerminalBridge.swift in Sources */ = {isa = PBXBuildFile; fileRef = C51DD844D6D264DF30FC66E0 /* SSHTerminalBridge.swift */; };
		D87ABB2E3C98A4C3453F55B3 /* TerminalSessionView.swift in Sources */ = {isa = PBXBuildFile; fileRef = E091B6EA3FE96947A16A8641 /* TerminalSessionView.swift */; };
		D98727703B0F1F443089CABE /* HostKeyValidator.swift in Sources */ = {isa = PBXBuildFile; fileRef = B4DB0AE96C99F31755DBC6D6 /* HostKeyValidator.swift */; };
		DA1C557470EA0C7E6EE4F22F /* KeyManagerView.swift in Sources */ = {isa = PBXBuildFile; fileRef = 60756400F8CF8C922D9D2F93 /* KeyManagerView.swift */; };
		DA6933207609936384751164 /* DesignSystem.swift in Sources */ = {isa = PBXBuildFile; fileRef = 2CBA64AAB32623E773DF1A60 /* DesignSystem.swift */; };
		DAC9A031B9F0D182D2F73FB3 /* SSHTerminalBridge.swift in Sources */ = {isa = PBXBuildFile; fileRef = C51DD844D6D264DF30FC66E0 /* SSHTerminalBridge.swift */; };
		DC0032AB50CDA2A46090E194 /* SettingsView.swift in Sources */ = {isa = PBXBuildFile; fileRef = 0177C7A2D63FC83B69B99586 /* SettingsView.swift */; };
		E27BF93012E65C43FF1F26BF /* SplitTerminalView.swift in Sources */ = {isa = PBXBuildFile; fileRef = BD1AC64D7020EC63201B43CB /* SplitTerminalView.swift */; };
		E3094C13FF49E4AC57C6AD37 /* KnownHost.swift in Sources */ = {isa = PBXBuildFile; fileRef = 62FC07E100CD49FD12473CCF /* KnownHost.swift */; };
		E452CBF93BD40C0496A025F6 /* KeyImportView.swift in Sources */ = {isa = PBXBuildFile; fileRef = CA12F18B4D80D05F9622B33B /* KeyImportView.swift */; };
		E8601118D48E6FD2F5CE3477 /* ConnectionProfile.swift in Sources */ = {isa = PBXBuildFile; fileRef = ED9C617783AEA639EC35E064 /* ConnectionProfile.swift */; };
		E9283B3C48F5D1B93A56F49B /* SFTPViewModel.swift in Sources */ = {isa = PBXBuildFile; fileRef = 451DE0A6A7201F76BE83768F /* SFTPViewModel.swift */; };
		EBFE8A7408B73F678263DE6B /* HostKeyValidator.swift in Sources */ = {isa = PBXBuildFile; fileRef = B4DB0AE96C99F31755DBC6D6 /* HostKeyValidator.swift */; };
		ECFFC8BBCD42371C3A2A4D46 /* SFTPViewModel.swift in Sources */ = {isa = PBXBuildFile; fileRef = 451DE0A6A7201F76BE83768F /* SFTPViewModel.swift */; };
		EF40E9E0338D2D5B983192B5 /* SnippetsView.swift in Sources */ = {isa = PBXBuildFile; fileRef = 6AA359666A83DEB8251A8B7F /* SnippetsView.swift */; };
		F025632ABB2866A36B2EB100 /* SSHConfigParser.swift in Sources */ = {isa = PBXBuildFile; fileRef = FB031C08400C9C03B917CA29 /* SSHConfigParser.swift */; };
		F36FF70227679589A5F80913 /* KeyManagementService.swift in Sources */ = {isa = PBXBuildFile; fileRef = 959591801E0A0E56C1C1575D /* KeyManagementService.swift */; };
		F419A36D23E0FB6F19912C20 /* ConnectionListViewModel.swift in Sources */ = {isa = PBXBuildFile; fileRef = 5668BC9CD5B66CBC9CF53E94 /* ConnectionListViewModel.swift */; };
		FA370E41962E46646C2271BD /* AutoImportService.swift in Sources */ = {isa = PBXBuildFile; fileRef = 7053580E1B161DA68239009C /* AutoImportService.swift */; };
		FC62F283F04CA7FD84770776 /* SSHKeyImporter.swift in Sources */ = {isa = PBXBuildFile; fileRef = 616E7251A02F9663551227E0 /* SSHKeyImporter.swift */; };
		FCDB8EBF8EAC0E4F37DE1372 /* SessionTabView.swift in Sources */ = {isa = PBXBuildFile; fileRef = 9D1DD2D0E11A233036AF9A05 /* SessionTabView.swift */; };
		FE1153B9538544468EB22CA4 /* SessionViewModel.swift in Sources */ = {isa = PBXBuildFile; fileRef = 23EA9FD2A50C2F41BA22C260 /* SessionViewModel.swift */; };
		FF0821E697EE6C21E28396EF /* SessionViewModel.swift in Sources */ = {isa = PBXBuildFile; fileRef = 23EA9FD2A50C2F41BA22C260 /* SessionViewModel.swift */; };
/* End PBXBuildFile section */

/* Begin PBXFileReference section */
		0177C7A2D63FC83B69B99586 /* SettingsView.swift */ = {isa = PBXFileReference; lastKnownFileType = sourcecode.swift; path = SettingsView.swift; sourceTree = "<group>"; };
		1C76084B6EF306F1DF28D7B5 /* AuthenticationType.swift */ = {isa = PBXFileReference; lastKnownFileType = sourcecode.swift; path = AuthenticationType.swift; sourceTree = "<group>"; };
		1D682AFC8C0FBF595E06213A /* HostKeyPromptView.swift */ = {isa = PBXFileReference; lastKnownFileType = sourcecode.swift; path = HostKeyPromptView.swift; sourceTree = "<group>"; };
		218DA3724C2366E3F304F869 /* SSHFolderImporter.swift */ = {isa = PBXFileReference; lastKnownFileType = sourcecode.swift; path = SSHFolderImporter.swift; sourceTree = "<group>"; };
		23EA9FD2A50C2F41BA22C260 /* SessionViewModel.swift */ = {isa = PBXFileReference; lastKnownFileType = sourcecode.swift; path = SessionViewModel.swift; sourceTree = "<group>"; };
		26EFA81E3707B32C57F52EA3 /* SessionManager.swift */ = {isa = PBXFileReference; lastKnownFileType = sourcecode.swift; path = SessionManager.swift; sourceTree = "<group>"; };
		2B45634D7704BBD2F583A582 /* Assets.xcassets */ = {isa = PBXFileReference; lastKnownFileType = folder.assetcatalog; path = Assets.xcassets; sourceTree = "<group>"; };
		2CBA64AAB32623E773DF1A60 /* DesignSystem.swift */ = {isa = PBXFileReference; lastKnownFileType = sourcecode.swift; path = DesignSystem.swift; sourceTree = "<group>"; };
		2DD643582D8A28DB8F21C40D /* Info.plist */ = {isa = PBXFileReference; lastKnownFileType = text.plist; path = Info.plist; sourceTree = "<group>"; };
		2E188C58C72662C38AC229F1 /* TerminalViewWrapper.swift */ = {isa = PBXFileReference; lastKnownFileType = sourcecode.swift; path = TerminalViewWrapper.swift; sourceTree = "<group>"; };
		3397030C752ACA31B33F3C22 /* PortForwardEditorView.swift */ = {isa = PBXFileReference; lastKnownFileType = sourcecode.swift; path = PortForwardEditorView.swift; sourceTree = "<group>"; };
		3612AFAD62D90C2E0B19CD89 /* Info-macOS.plist */ = {isa = PBXFileReference; lastKnownFileType = text.plist; path = "Info-macOS.plist"; sourceTree = "<group>"; };
		377579C92F8C5B4D772D0DA0 /* mssh.entitlements */ = {isa = PBXFileReference; lastKnownFileType = text.plist.entitlements; path = mssh.entitlements; sourceTree = "<group>"; };
		3AB961701961DBB93FCCD0EE /* SFTPFileItem.swift */ = {isa = PBXFileReference; lastKnownFileType = sourcecode.swift; path = SFTPFileItem.swift; sourceTree = "<group>"; };
		41320225638BEEB94441D486 /* KnownHostsView.swift */ = {isa = PBXFileReference; lastKnownFileType = sourcecode.swift; path = KnownHostsView.swift; sourceTree = "<group>"; };
		451DE0A6A7201F76BE83768F /* SFTPViewModel.swift */ = {isa = PBXFileReference; lastKnownFileType = sourcecode.swift; path = SFTPViewModel.swift; sourceTree = "<group>"; };
		46CA4175507906978E2FF531 /* PlatformHelpers.swift */ = {isa = PBXFileReference; lastKnownFileType = sourcecode.swift; path = PlatformHelpers.swift; sourceTree = "<group>"; };
		4779110E52A9215B817C36AA /* LockScreenView.swift */ = {isa = PBXFileReference; lastKnownFileType = sourcecode.swift; path = LockScreenView.swift; sourceTree = "<group>"; };
		4DD192862B1CE3BF82EBC703 /* mssh-mac.entitlements */ = {isa = PBXFileReference; lastKnownFileType = text.plist.entitlements; path = "mssh-mac.entitlements"; sourceTree = "<group>"; };
		4E60B31C190DFB0902376E10 /* Snippet.swift */ = {isa = PBXFileReference; lastKnownFileType = sourcecode.swift; path = Snippet.swift; sourceTree = "<group>"; };
		5668BC9CD5B66CBC9CF53E94 /* ConnectionListViewModel.swift */ = {isa = PBXFileReference; lastKnownFileType = sourcecode.swift; path = ConnectionListViewModel.swift; sourceTree = "<group>"; };
		601B09C1DDBC50A7980F5926 /* msshApp.swift */ = {isa = PBXFileReference; lastKnownFileType = sourcecode.swift; path = msshApp.swift; sourceTree = "<group>"; };
		60756400F8CF8C922D9D2F93 /* KeyManagerView.swift */ = {isa = PBXFileReference; lastKnownFileType = sourcecode.swift; path = KeyManagerView.swift; sourceTree = "<group>"; };
		6096DDE578DFDF9C92164CD0 /* mssh.app */ = {isa = PBXFileReference; includeInIndex = 0; lastKnownFileType = wrapper.application; path = mssh.app; sourceTree = BUILT_PRODUCTS_DIR; };
		616E7251A02F9663551227E0 /* SSHKeyImporter.swift */ = {isa = PBXFileReference; lastKnownFileType = sourcecode.swift; path = SSHKeyImporter.swift; sourceTree = "<group>"; };
		62FC07E100CD49FD12473CCF /* KnownHost.swift */ = {isa = PBXFileReference; lastKnownFileType = sourcecode.swift; path = KnownHost.swift; sourceTree = "<group>"; };
		68A5B5883EC818692D422181 /* SSHService.swift */ = {isa = PBXFileReference; lastKnownFileType = sourcecode.swift; path = SSHService.swift; sourceTree = "<group>"; };
		6AA359666A83DEB8251A8B7F /* SnippetsView.swift */ = {isa = PBXFileReference; lastKnownFileType = sourcecode.swift; path = SnippetsView.swift; sourceTree = "<group>"; };
		6B0A02843D03F8D3DB0FF33F /* BiometricService.swift */ = {isa = PBXFileReference; lastKnownFileType = sourcecode.swift; path = BiometricService.swift; sourceTree = "<group>"; };
		7053580E1B161DA68239009C /* AutoImportService.swift */ = {isa = PBXFileReference; lastKnownFileType = sourcecode.swift; path = AutoImportService.swift; sourceTree = "<group>"; };
		70F20C3600FF37D726D14A77 /* iCloudSyncService.swift */ = {isa = PBXFileReference; lastKnownFileType = sourcecode.swift; path = iCloudSyncService.swift; sourceTree = "<group>"; };
		745AECEC67D542E067D9EAED /* SFTPBrowserView.swift */ = {isa = PBXFileReference; lastKnownFileType = sourcecode.swift; path = SFTPBrowserView.swift; sourceTree = "<group>"; };
		7FAED55A9BED2A99EA4C34AE /* MacSetupGuideView.swift */ = {isa = PBXFileReference; lastKnownFileType = sourcecode.swift; path = MacSetupGuideView.swift; sourceTree = "<group>"; };
		9093553206D96659540571B9 /* PortForwardManager.swift */ = {isa = PBXFileReference; lastKnownFileType = sourcecode.swift; path = PortForwardManager.swift; sourceTree = "<group>"; };
		909FDD65165046F700279ABD /* KeychainService.swift */ = {isa = PBXFileReference; lastKnownFileType = sourcecode.swift; path = KeychainService.swift; sourceTree = "<group>"; };
		959591801E0A0E56C1C1575D /* KeyManagementService.swift */ = {isa = PBXFileReference; lastKnownFileType = sourcecode.swift; path = KeyManagementService.swift; sourceTree = "<group>"; };
		97296C3E64F40DE0B6AC61ED /* SFTPService.swift */ = {isa = PBXFileReference; lastKnownFileType = sourcecode.swift; path = SFTPService.swift; sourceTree = "<group>"; };
		9D1DD2D0E11A233036AF9A05 /* SessionTabView.swift */ = {isa = PBXFileReference; lastKnownFileType = sourcecode.swift; path = SessionTabView.swift; sourceTree = "<group>"; };
		A21737FD14B7A95EE59AA7FD /* mssh.xcconfig */ = {isa = PBXFileReference; lastKnownFileType = text.xcconfig; path = mssh.xcconfig; sourceTree = "<group>"; };
		A393BE170AE14A24D7864115 /* mssh-mac.app */ = {isa = PBXFileReference; explicitFileType = wrapper.application; includeInIndex = 0; path = "mssh-mac.app"; sourceTree = BUILT_PRODUCTS_DIR; };
		AE6116FE729C6C60376A1F84 /* ContentView.swift */ = {isa = PBXFileReference; lastKnownFileType = sourcecode.swift; path = ContentView.swift; sourceTree = "<group>"; };
		AEB3DD33B9CC1A612DC13A89 /* SyncStatusView.swift */ = {isa = PBXFileReference; lastKnownFileType = sourcecode.swift; path = SyncStatusView.swift; sourceTree = "<group>"; };
		B4DB0AE96C99F31755DBC6D6 /* HostKeyValidator.swift */ = {isa = PBXFileReference; lastKnownFileType = sourcecode.swift; path = HostKeyValidator.swift; sourceTree = "<group>"; };
		B875D9609D72F2D0756DD352 /* TerminalAccessoryBar.swift */ = {isa = PBXFileReference; lastKnownFileType = sourcecode.swift; path = TerminalAccessoryBar.swift; sourceTree = "<group>"; };
		B93EB2F91FD2A41BF4C5A034 /* ByteBufferExtensions.swift */ = {isa = PBXFileReference; lastKnownFileType = sourcecode.swift; path = ByteBufferExtensions.swift; sourceTree = "<group>"; };
		BC70BFE08258E7A59F450968 /* SSHKey.swift */ = {isa = PBXFileReference; lastKnownFileType = sourcecode.swift; path = SSHKey.swift; sourceTree = "<group>"; };
		BD1AC64D7020EC63201B43CB /* SplitTerminalView.swift */ = {isa = PBXFileReference; lastKnownFileType = sourcecode.swift; path = SplitTerminalView.swift; sourceTree = "<group>"; };
		BF9BA75AA8A7880B0A2F2599 /* AppPreferences.swift */ = {isa = PBXFileReference; lastKnownFileType = sourcecode.swift; path = AppPreferences.swift; sourceTree = "<group>"; };
		C4C36F5844F7FC5EB61B9584 /* WelcomeView.swift */ = {isa = PBXFileReference; lastKnownFileType = sourcecode.swift; path = WelcomeView.swift; sourceTree = "<group>"; };
		C51DD844D6D264DF30FC66E0 /* SSHTerminalBridge.swift */ = {isa = PBXFileReference; lastKnownFileType = sourcecode.swift; path = SSHTerminalBridge.swift; sourceTree = "<group>"; };
		C6C007979A6AFF27A4F07916 /* TerminalTheme.swift */ = {isa = PBXFileReference; lastKnownFileType = sourcecode.swift; path = TerminalTheme.swift; sourceTree = "<group>"; };
		C883C5CC1BD60019B3BD2E61 /* KeyManagerViewModel.swift */ = {isa = PBXFileReference; lastKnownFileType = sourcecode.swift; path = KeyManagerViewModel.swift; sourceTree = "<group>"; };
		CA12F18B4D80D05F9622B33B /* KeyImportView.swift */ = {isa = PBXFileReference; lastKnownFileType = sourcecode.swift; path = KeyImportView.swift; sourceTree = "<group>"; };
		CEF50C575581C506DC0E26B6 /* SSHConfigImportView.swift */ = {isa = PBXFileReference; lastKnownFileType = sourcecode.swift; path = SSHConfigImportView.swift; sourceTree = "<group>"; };
		D23C1F032FD0B5514C3C2951 /* PortForward.swift */ = {isa = PBXFileReference; lastKnownFileType = sourcecode.swift; path = PortForward.swift; sourceTree = "<group>"; };
		DC6E596D8EC9AFA9A13E5A10 /* PEMParser.swift */ = {isa = PBXFileReference; lastKnownFileType = sourcecode.swift; path = PEMParser.swift; sourceTree = "<group>"; };
		E091B6EA3FE96947A16A8641 /* TerminalSessionView.swift */ = {isa = PBXFileReference; lastKnownFileType = sourcecode.swift; path = TerminalSessionView.swift; sourceTree = "<group>"; };
		E2139BEC22559334C39E1D6B /* ConnectionFormView.swift */ = {isa = PBXFileReference; lastKnownFileType = sourcecode.swift; path = ConnectionFormView.swift; sourceTree = "<group>"; };
		E8C18C4B3A4DEA5E444D93BD /* SFTPTransferView.swift */ = {isa = PBXFileReference; lastKnownFileType = sourcecode.swift; path = SFTPTransferView.swift; sourceTree = "<group>"; };
		ED9C617783AEA639EC35E064 /* ConnectionProfile.swift */ = {isa = PBXFileReference; lastKnownFileType = sourcecode.swift; path = ConnectionProfile.swift; sourceTree = "<group>"; };
		F688018A6DA8B0736D35DEF5 /* KeyImportWizardView.swift */ = {isa = PBXFileReference; lastKnownFileType = sourcecode.swift; path = KeyImportWizardView.swift; sourceTree = "<group>"; };
		FB031C08400C9C03B917CA29 /* SSHConfigParser.swift */ = {isa = PBXFileReference; lastKnownFileType = sourcecode.swift; path = SSHConfigParser.swift; sourceTree = "<group>"; };
/* End PBXFileReference section */

/* Begin PBXFrameworksBuildPhase section */
		457B94ACDDE00E181486B121 /* Frameworks */ = {
			isa = PBXFrameworksBuildPhase;
			buildActionMask = 2147483647;
			files = (
				4D97DBF2E60FE1ACFFB62DD7 /* SwiftTerm in Frameworks */,
				6CBF6EB685F45C3F61146415 /* Citadel in Frameworks */,
			);
			runOnlyForDeploymentPostprocessing = 0;
		};
		94F8FBE0E8C5E8258997424D /* Frameworks */ = {
			isa = PBXFrameworksBuildPhase;
			buildActionMask = 2147483647;
			files = (
				B30CEF7D44B3DF42C74A7BA8 /* SwiftTerm in Frameworks */,
				401776549B9A34B0D1F94C35 /* Citadel in Frameworks */,
			);
			runOnlyForDeploymentPostprocessing = 0;
		};
/* End PBXFrameworksBuildPhase section */

/* Begin PBXGroup section */
		1DD20C8E29072557A2029606 /* Views */ = {
			isa = PBXGroup;
			children = (
				E2139BEC22559334C39E1D6B /* ConnectionFormView.swift */,
				1D682AFC8C0FBF595E06213A /* HostKeyPromptView.swift */,
				CA12F18B4D80D05F9622B33B /* KeyImportView.swift */,
				F688018A6DA8B0736D35DEF5 /* KeyImportWizardView.swift */,
				60756400F8CF8C922D9D2F93 /* KeyManagerView.swift */,
				41320225638BEEB94441D486 /* KnownHostsView.swift */,
				4779110E52A9215B817C36AA /* LockScreenView.swift */,
				7FAED55A9BED2A99EA4C34AE /* MacSetupGuideView.swift */,
				3397030C752ACA31B33F3C22 /* PortForwardEditorView.swift */,
				9D1DD2D0E11A233036AF9A05 /* SessionTabView.swift */,
				0177C7A2D63FC83B69B99586 /* SettingsView.swift */,
				745AECEC67D542E067D9EAED /* SFTPBrowserView.swift */,
				E8C18C4B3A4DEA5E444D93BD /* SFTPTransferView.swift */,
				6AA359666A83DEB8251A8B7F /* SnippetsView.swift */,
				BD1AC64D7020EC63201B43CB /* SplitTerminalView.swift */,
				CEF50C575581C506DC0E26B6 /* SSHConfigImportView.swift */,
				AEB3DD33B9CC1A612DC13A89 /* SyncStatusView.swift */,
				E091B6EA3FE96947A16A8641 /* TerminalSessionView.swift */,
				C4C36F5844F7FC5EB61B9584 /* WelcomeView.swift */,
			);
			path = Views;
			sourceTree = "<group>";
		};
		210525855579CD2FC649B866 = {
			isa = PBXGroup;
			children = (
				81E6EDC524512AD9A9967E95 /* mssh */,
				8F8E870D927D11DE87B4702F /* Products */,
			);
			sourceTree = "<group>";
		};
		3C3E1BA5E96344CE433E4BD8 /* Models */ = {
			isa = PBXGroup;
			children = (
				1C76084B6EF306F1DF28D7B5 /* AuthenticationType.swift */,
				ED9C617783AEA639EC35E064 /* ConnectionProfile.swift */,
				62FC07E100CD49FD12473CCF /* KnownHost.swift */,
				D23C1F032FD0B5514C3C2951 /* PortForward.swift */,
				3AB961701961DBB93FCCD0EE /* SFTPFileItem.swift */,
				4E60B31C190DFB0902376E10 /* Snippet.swift */,
				BC70BFE08258E7A59F450968 /* SSHKey.swift */,
			);
			path = Models;
			sourceTree = "<group>";
		};
		48A800BFCC591FFDEECC72D6 /* Terminal */ = {
			isa = PBXGroup;
			children = (
				C51DD844D6D264DF30FC66E0 /* SSHTerminalBridge.swift */,
				B875D9609D72F2D0756DD352 /* TerminalAccessoryBar.swift */,
				C6C007979A6AFF27A4F07916 /* TerminalTheme.swift */,
				2E188C58C72662C38AC229F1 /* TerminalViewWrapper.swift */,
			);
			path = Terminal;
			sourceTree = "<group>";
		};
		53F7EDC68E2EA4C88DC4C1AB /* App */ = {
			isa = PBXGroup;
			children = (
				AE6116FE729C6C60376A1F84 /* ContentView.swift */,
				2CBA64AAB32623E773DF1A60 /* DesignSystem.swift */,
				601B09C1DDBC50A7980F5926 /* msshApp.swift */,
			);
			path = App;
			sourceTree = "<group>";
		};
		6928C16CD6EED123B43E3B5D /* Utilities */ = {
			isa = PBXGroup;
			children = (
				B93EB2F91FD2A41BF4C5A034 /* ByteBufferExtensions.swift */,
				DC6E596D8EC9AFA9A13E5A10 /* PEMParser.swift */,
				46CA4175507906978E2FF531 /* PlatformHelpers.swift */,
				FB031C08400C9C03B917CA29 /* SSHConfigParser.swift */,
			);
			path = Utilities;
			sourceTree = "<group>";
		};
		6CAC416807C909BCBDC81ECF /* Services */ = {
			isa = PBXGroup;
			children = (
				BF9BA75AA8A7880B0A2F2599 /* AppPreferences.swift */,
				7053580E1B161DA68239009C /* AutoImportService.swift */,
				6B0A02843D03F8D3DB0FF33F /* BiometricService.swift */,
				B4DB0AE96C99F31755DBC6D6 /* HostKeyValidator.swift */,
				70F20C3600FF37D726D14A77 /* iCloudSyncService.swift */,
				909FDD65165046F700279ABD /* KeychainService.swift */,
				959591801E0A0E56C1C1575D /* KeyManagementService.swift */,
				9093553206D96659540571B9 /* PortForwardManager.swift */,
				97296C3E64F40DE0B6AC61ED /* SFTPService.swift */,
				218DA3724C2366E3F304F869 /* SSHFolderImporter.swift */,
				616E7251A02F9663551227E0 /* SSHKeyImporter.swift */,
				68A5B5883EC818692D422181 /* SSHService.swift */,
			);
			path = Services;
			sourceTree = "<group>";
		};
		81E6EDC524512AD9A9967E95 /* mssh */ = {
			isa = PBXGroup;
			children = (
				3612AFAD62D90C2E0B19CD89 /* Info-macOS.plist */,
				2DD643582D8A28DB8F21C40D /* Info.plist */,
				4DD192862B1CE3BF82EBC703 /* mssh-mac.entitlements */,
				377579C92F8C5B4D772D0DA0 /* mssh.entitlements */,
				A21737FD14B7A95EE59AA7FD /* mssh.xcconfig */,
				53F7EDC68E2EA4C88DC4C1AB /* App */,
				3C3E1BA5E96344CE433E4BD8 /* Models */,
				E702430DF272DDE509884A2B /* Resources */,
				6CAC416807C909BCBDC81ECF /* Services */,
				48A800BFCC591FFDEECC72D6 /* Terminal */,
				6928C16CD6EED123B43E3B5D /* Utilities */,
				ED8D1681A27B438D0CF612BC /* ViewModels */,
				1DD20C8E29072557A2029606 /* Views */,
			);
			path = mssh;
			sourceTree = "<group>";
		};
		8F8E870D927D11DE87B4702F /* Products */ = {
			isa = PBXGroup;
			children = (
				A393BE170AE14A24D7864115 /* mssh-mac.app */,
				6096DDE578DFDF9C92164CD0 /* mssh.app */,
			);
			name = Products;
			sourceTree = "<group>";
		};
		E702430DF272DDE509884A2B /* Resources */ = {
			isa = PBXGroup;
			children = (
				2B45634D7704BBD2F583A582 /* Assets.xcassets */,
			);
			path = Resources;
			sourceTree = "<group>";
		};
		ED8D1681A27B438D0CF612BC /* ViewModels */ = {
			isa = PBXGroup;
			children = (
				5668BC9CD5B66CBC9CF53E94 /* ConnectionListViewModel.swift */,
				C883C5CC1BD60019B3BD2E61 /* KeyManagerViewModel.swift */,
				26EFA81E3707B32C57F52EA3 /* SessionManager.swift */,
				23EA9FD2A50C2F41BA22C260 /* SessionViewModel.swift */,
				451DE0A6A7201F76BE83768F /* SFTPViewModel.swift */,
			);
			path = ViewModels;
			sourceTree = "<group>";
		};
/* End PBXGroup section */

/* Begin PBXNativeTarget section */
		AE8BE5AD1E8976F053EDCB6E /* mssh-mac */ = {
			isa = PBXNativeTarget;
			buildConfigurationList = 08D362BC0D1B70305CA19C49 /* Build configuration list for PBXNativeTarget "mssh-mac" */;
			buildPhases = (
				12BFAE075FC35E81F0471F2E /* Sources */,
				729A56996F495132A31DFB66 /* Resources */,
				94F8FBE0E8C5E8258997424D /* Frameworks */,
			);
			buildRules = (
			);
			dependencies = (
			);
			name = "mssh-mac";
			packageProductDependencies = (
				43567A3E4811E967A3E77ECA /* SwiftTerm */,
				1670105D8DD5A1DC956F8FBE /* Citadel */,
			);
			productName = "mssh-mac";
			productReference = A393BE170AE14A24D7864115 /* mssh-mac.app */;
			productType = "com.apple.product-type.application";
		};
		FB4BB98B799997D3C5A3581D /* mssh */ = {
			isa = PBXNativeTarget;
			buildConfigurationList = EA8AD3078246E8862322BBA5 /* Build configuration list for PBXNativeTarget "mssh" */;
			buildPhases = (
				A0973720120157B03B04B2ED /* Sources */,
				5DBCDBCD6D2543BF23AEC7FD /* Resources */,
				457B94ACDDE00E181486B121 /* Frameworks */,
			);
			buildRules = (
			);
			dependencies = (
			);
			name = mssh;
			packageProductDependencies = (
				92DC4C7B3FB1989C7E410053 /* SwiftTerm */,
				D026A404D69C780DF051173B /* Citadel */,
			);
			productName = mssh;
			productReference = 6096DDE578DFDF9C92164CD0 /* mssh.app */;
			productType = "com.apple.product-type.application";
		};
/* End PBXNativeTarget section */

/* Begin PBXProject section */
		BBF4243CE260C7198474475D /* Project object */ = {
			isa = PBXProject;
			attributes = {
				BuildIndependentTargetsInParallel = YES;
				LastUpgradeCheck = 1600;
				TargetAttributes = {
					AE8BE5AD1E8976F053EDCB6E = {
						DevelopmentTeam = CC24ZA67DK;
					};
					FB4BB98B799997D3C5A3581D = {
						DevelopmentTeam = CC24ZA67DK;
					};
				};
			};
			buildConfigurationList = DEFF84C951A10274EFF21FFC /* Build configuration list for PBXProject "mssh" */;
			compatibilityVersion = "Xcode 14.0";
			developmentRegion = en;
			hasScannedForEncodings = 0;
			knownRegions = (
				Base,
				en,
			);
			mainGroup = 210525855579CD2FC649B866;
			packageReferences = (
				4443D797EEECC2CEB6A0C6B9 /* XCRemoteSwiftPackageReference "Citadel" */,
				2CFB5A4E7BE5C130C54D4529 /* XCRemoteSwiftPackageReference "SwiftTerm" */,
			);
			projectDirPath = "";
			projectRoot = "";
			targets = (
				FB4BB98B799997D3C5A3581D /* mssh */,
				AE8BE5AD1E8976F053EDCB6E /* mssh-mac */,
			);
		};
/* End PBXProject section */

/* Begin PBXResourcesBuildPhase section */
		5DBCDBCD6D2543BF23AEC7FD /* Resources */ = {
			isa = PBXResourcesBuildPhase;
			buildActionMask = 2147483647;
			files = (
				C3DBE9AFFDB97EB7DC7680CD /* Assets.xcassets in Resources */,
			);
			runOnlyForDeploymentPostprocessing = 0;
		};
		729A56996F495132A31DFB66 /* Resources */ = {
			isa = PBXResourcesBuildPhase;
			buildActionMask = 2147483647;
			files = (
				72948488E49D0C8E096E5CCB /* Assets.xcassets in Resources */,
			);
			runOnlyForDeploymentPostprocessing = 0;
		};
/* End PBXResourcesBuildPhase section */

/* Begin PBXSourcesBuildPhase section */
		12BFAE075FC35E81F0471F2E /* Sources */ = {
			isa = PBXSourcesBuildPhase;
			buildActionMask = 2147483647;
			files = (
				1410CA363B4B82E2286243A7 /* AppPreferences.swift in Sources */,
				85B3E4D56D024C9C09C382E7 /* AuthenticationType.swift in Sources */,
				FA370E41962E46646C2271BD /* AutoImportService.swift in Sources */,
				1DBCAD3E207A95F7FCC3CC4F /* BiometricService.swift in Sources */,
				49A8C7D92068EE3FCEF1AC56 /* ByteBufferExtensions.swift in Sources */,
				433EB81205933F06DB257C60 /* ConnectionFormView.swift in Sources */,
				051EB0B26D3E7B1129D9796C /* ConnectionListViewModel.swift in Sources */,
				3A8D99AAB45ECB9E2F49F0F4 /* ConnectionProfile.swift in Sources */,
				D74D33BB704C4FD47C7FAD17 /* ContentView.swift in Sources */,
				4A92B78CC9478AC85A7C5D65 /* DesignSystem.swift in Sources */,
				182DD8A850908B2B53A1255E /* HostKeyPromptView.swift in Sources */,
				EBFE8A7408B73F678263DE6B /* HostKeyValidator.swift in Sources */,
				7CB5346775B62038501998EE /* KeyImportView.swift in Sources */,
				ACE9950BF4DC5397E3753EED /* KeyImportWizardView.swift in Sources */,
				A54317015627578CD1ECBA57 /* KeyManagementService.swift in Sources */,
				DA1C557470EA0C7E6EE4F22F /* KeyManagerView.swift in Sources */,
				A8DDD18A368887DEAED9F42D /* KeyManagerViewModel.swift in Sources */,
				C26CACA86303777DA0624411 /* KeychainService.swift in Sources */,
				E3094C13FF49E4AC57C6AD37 /* KnownHost.swift in Sources */,
				1219BA643A2398FAD7EA5504 /* KnownHostsView.swift in Sources */,
				0471C5C0EAEAD768378F3176 /* LockScreenView.swift in Sources */,
				CF6828563E5D538451B33C3A /* MacSetupGuideView.swift in Sources */,
				A6417AAE39F2FF2A56DDE3A6 /* PEMParser.swift in Sources */,
				49E6ADBBA45A4B4D498F6A6B /* PlatformHelpers.swift in Sources */,
				65B18FB15574DE08AC16E538 /* PortForward.swift in Sources */,
				68C33641827F1C36B6D74830 /* PortForwardEditorView.swift in Sources */,
				B5B14D25DEC4B44518080853 /* PortForwardManager.swift in Sources */,
				38749EBC6D505A6A6516067B /* SFTPBrowserView.swift in Sources */,
				3628E46DB78E8ADCD9369A4D /* SFTPFileItem.swift in Sources */,
				71E0924B81202CB3AED9D69D /* SFTPService.swift in Sources */,
				86B52BEE451EB1B230A203D5 /* SFTPTransferView.swift in Sources */,
				E9283B3C48F5D1B93A56F49B /* SFTPViewModel.swift in Sources */,
				4AE3ADB61A071BDBDF69DD2B /* SSHConfigImportView.swift in Sources */,
				42B9DFE4347D73CA4688291B /* SSHConfigParser.swift in Sources */,
				57312E6C831ABBA6724DBC97 /* SSHFolderImporter.swift in Sources */,
				5340709E55BCC80C17348BC2 /* SSHKey.swift in Sources */,
				FC62F283F04CA7FD84770776 /* SSHKeyImporter.swift in Sources */,
				B44BFC94363BB60974D4C903 /* SSHService.swift in Sources */,
				DAC9A031B9F0D182D2F73FB3 /* SSHTerminalBridge.swift in Sources */,
				07CF839E549D77161ED6D808 /* SessionManager.swift in Sources */,
				FCDB8EBF8EAC0E4F37DE1372 /* SessionTabView.swift in Sources */,
				FF0821E697EE6C21E28396EF /* SessionViewModel.swift in Sources */,
				7D7AFE741554A75CD7AE23EA /* SettingsView.swift in Sources */,
				46ABBADD1356356BF3CCB200 /* Snippet.swift in Sources */,
				EF40E9E0338D2D5B983192B5 /* SnippetsView.swift in Sources */,
				E27BF93012E65C43FF1F26BF /* SplitTerminalView.swift in Sources */,
				D4289FE162E0D075AE09107A /* SyncStatusView.swift in Sources */,
				AEE062095C8122E12B785505 /* TerminalAccessoryBar.swift in Sources */,
				1561EB21ADDD8BA606C043A8 /* TerminalSessionView.swift in Sources */,
				5067704C93FFE411AB4DBA8F /* TerminalTheme.swift in Sources */,
				D11DD0786FA894A407DF54F1 /* TerminalViewWrapper.swift in Sources */,
				1F275A4DBB983110A4334115 /* WelcomeView.swift in Sources */,
				92D55A48F7B725C926A325F0 /* iCloudSyncService.swift in Sources */,
				3108F246605DEF952B6B9FD2 /* msshApp.swift in Sources */,
			);
			runOnlyForDeploymentPostprocessing = 0;
		};
		A0973720120157B03B04B2ED /* Sources */ = {
			isa = PBXSourcesBuildPhase;
			buildActionMask = 2147483647;
			files = (
				51CC9A5C9244C911B07716BC /* AppPreferences.swift in Sources */,
				06430AE6AAA488D239CDA5E6 /* AuthenticationType.swift in Sources */,
				5D34C88E7D66B04C74BFF544 /* AutoImportService.swift in Sources */,
				4DACAF1BBC41EE0B15C8EC62 /* BiometricService.swift in Sources */,
				7FBB2D69487B1587844A70D7 /* ByteBufferExtensions.swift in Sources */,
				3328B5BA19468F8E563CD144 /* ConnectionFormView.swift in Sources */,
				F419A36D23E0FB6F19912C20 /* ConnectionListViewModel.swift in Sources */,
				E8601118D48E6FD2F5CE3477 /* ConnectionProfile.swift in Sources */,
				7E9F0B0912483FE5380A316D /* ContentView.swift in Sources */,
				DA6933207609936384751164 /* DesignSystem.swift in Sources */,
				8DD8B5864812FBAC78891FE0 /* HostKeyPromptView.swift in Sources */,
				D98727703B0F1F443089CABE /* HostKeyValidator.swift in Sources */,
				E452CBF93BD40C0496A025F6 /* KeyImportView.swift in Sources */,
				B87DCB05B567F73B5ABD5311 /* KeyImportWizardView.swift in Sources */,
				F36FF70227679589A5F80913 /* KeyManagementService.swift in Sources */,
				396E2A3DDAE3B82F71288FD3 /* KeyManagerView.swift in Sources */,
				2205C924B930CF5A11D41E28 /* KeyManagerViewModel.swift in Sources */,
				5A20B86CD3050278DB9751BC /* KeychainService.swift in Sources */,
				B2A7542C9039D43F2EAE3AA4 /* KnownHost.swift in Sources */,
				85AFF3888C131DD27170F9F9 /* KnownHostsView.swift in Sources */,
				6A8AFDF2DB0EEA3C734691E7 /* LockScreenView.swift in Sources */,
				970D9CC52F02F0B93F7C3D16 /* MacSetupGuideView.swift in Sources */,
				1795BE6D0BFC0698C21263EC /* PEMParser.swift in Sources */,
				D22D8B0F4562B7667885FF6B /* PlatformHelpers.swift in Sources */,
				8F6789E25A41C29150DEFFF5 /* PortForward.swift in Sources */,
				4FC8C09D984B7EEAC0F711E2 /* PortForwardEditorView.swift in Sources */,
				AE109019642DB4A700D07017 /* PortForwardManager.swift in Sources */,
				8CB85E8A47D7C29F3CF8F3E0 /* SFTPBrowserView.swift in Sources */,
				A82CFA4CDD11E443C1E05ADD /* SFTPFileItem.swift in Sources */,
				A8B2CCC70DA89FC78F27FCFB /* SFTPService.swift in Sources */,
				0BDD981235392C8F1C762F93 /* SFTPTransferView.swift in Sources */,
				ECFFC8BBCD42371C3A2A4D46 /* SFTPViewModel.swift in Sources */,
				126543FE8A1831B51D63C4F1 /* SSHConfigImportView.swift in Sources */,
				F025632ABB2866A36B2EB100 /* SSHConfigParser.swift in Sources */,
				29609FD5D5FD1758299679B1 /* SSHFolderImporter.swift in Sources */,
				A6944EF3F859E9879219F2C0 /* SSHKey.swift in Sources */,
				0B16FB80DEA5B00113330861 /* SSHKeyImporter.swift in Sources */,
				02449EDA0A977F06DB45F2A4 /* SSHService.swift in Sources */,
				D828F227AE6D4F23CFE654B3 /* SSHTerminalBridge.swift in Sources */,
				D609842780105DA9F33B2B7B /* SessionManager.swift in Sources */,
				2962683E98D245BCE66CA7D1 /* SessionTabView.swift in Sources */,
				FE1153B9538544468EB22CA4 /* SessionViewModel.swift in Sources */,
				DC0032AB50CDA2A46090E194 /* SettingsView.swift in Sources */,
				24CC55D3EAF9766900D4E83C /* Snippet.swift in Sources */,
				6A62933847D0CF28AB37A958 /* SnippetsView.swift in Sources */,
				853653873B67227BF5CA1236 /* SplitTerminalView.swift in Sources */,
				3E69E04C18A4720B34291EF3 /* SyncStatusView.swift in Sources */,
				40A6D46585E3B53F8A5ABCDA /* TerminalAccessoryBar.swift in Sources */,
				D87ABB2E3C98A4C3453F55B3 /* TerminalSessionView.swift in Sources */,
				14E9201083B036E3A306148F /* TerminalTheme.swift in Sources */,
				2DD8D73BA708E67500F7FC3A /* TerminalViewWrapper.swift in Sources */,
				47C7F7CFD7B0FB3B237B4828 /* WelcomeView.swift in Sources */,
				39C41163FEEB4B74BF92FBB7 /* iCloudSyncService.swift in Sources */,
				CDFD7C744EACBD0640751A23 /* msshApp.swift in Sources */,
			);
			runOnlyForDeploymentPostprocessing = 0;
		};
/* End PBXSourcesBuildPhase section */

/* Begin XCBuildConfiguration section */
		2D8744DB8953E05AC106003F /* Release */ = {
			isa = XCBuildConfiguration;
			buildSettings = {
				ALWAYS_SEARCH_USER_PATHS = NO;
				CLANG_ANALYZER_NONNULL = YES;
				CLANG_ANALYZER_NUMBER_OBJECT_CONVERSION = YES_AGGRESSIVE;
				CLANG_CXX_LANGUAGE_STANDARD = "gnu++14";
				CLANG_CXX_LIBRARY = "libc++";
				CLANG_ENABLE_MODULES = YES;
				CLANG_ENABLE_OBJC_ARC = YES;
				CLANG_ENABLE_OBJC_WEAK = YES;
				CLANG_WARN_BLOCK_CAPTURE_AUTORELEASING = YES;
				CLANG_WARN_BOOL_CONVERSION = YES;
				CLANG_WARN_COMMA = YES;
				CLANG_WARN_CONSTANT_CONVERSION = YES;
				CLANG_WARN_DEPRECATED_OBJC_IMPLEMENTATIONS = YES;
				CLANG_WARN_DIRECT_OBJC_ISA_USAGE = YES_ERROR;
				CLANG_WARN_DOCUMENTATION_COMMENTS = YES;
				CLANG_WARN_EMPTY_BODY = YES;
				CLANG_WARN_ENUM_CONVERSION = YES;
				CLANG_WARN_INFINITE_RECURSION = YES;
				CLANG_WARN_INT_CONVERSION = YES;
				CLANG_WARN_NON_LITERAL_NULL_CONVERSION = YES;
				CLANG_WARN_OBJC_IMPLICIT_RETAIN_SELF = YES;
				CLANG_WARN_OBJC_LITERAL_CONVERSION = YES;
				CLANG_WARN_OBJC_ROOT_CLASS = YES_ERROR;
				CLANG_WARN_QUOTED_INCLUDE_IN_FRAMEWORK_HEADER = YES;
				CLANG_WARN_RANGE_LOOP_ANALYSIS = YES;
				CLANG_WARN_STRICT_PROTOTYPES = YES;
				CLANG_WARN_SUSPICIOUS_MOVE = YES;
				CLANG_WARN_UNGUARDED_AVAILABILITY = YES_AGGRESSIVE;
				CLANG_WARN_UNREACHABLE_CODE = YES;
				CLANG_WARN__DUPLICATE_METHOD_MATCH = YES;
				COPY_PHASE_STRIP = NO;
				DEBUG_INFORMATION_FORMAT = "dwarf-with-dsym";
				ENABLE_NS_ASSERTIONS = NO;
				ENABLE_STRICT_OBJC_MSGSEND = YES;
				GCC_C_LANGUAGE_STANDARD = gnu11;
				GCC_NO_COMMON_BLOCKS = YES;
				GCC_WARN_64_TO_32_BIT_CONVERSION = YES;
				GCC_WARN_ABOUT_RETURN_TYPE = YES_ERROR;
				GCC_WARN_UNDECLARED_SELECTOR = YES;
				GCC_WARN_UNINITIALIZED_AUTOS = YES_AGGRESSIVE;
				GCC_WARN_UNUSED_FUNCTION = YES;
				GCC_WARN_UNUSED_VARIABLE = YES;
				IPHONEOS_DEPLOYMENT_TARGET = 18.0;
				MACOSX_DEPLOYMENT_TARGET = 15.0;
				MTL_ENABLE_DEBUG_INFO = NO;
				MTL_FAST_MATH = YES;
				PRODUCT_NAME = "$(TARGET_NAME)";
				SUPPORTS_XR_DESIGNED_FOR_IPHONE_IPAD = NO;
				SWIFT_COMPILATION_MODE = wholemodule;
				SWIFT_OPTIMIZATION_LEVEL = "-O";
				SWIFT_VERSION = 5.9;
			};
			name = Release;
		};
		497A40CDB32DFD6279DD6E88 /* Release */ = {
			isa = XCBuildConfiguration;
			buildSettings = {
				ASSETCATALOG_COMPILER_APPICON_NAME = AppIcon;
				CODE_SIGN_ENTITLEMENTS = mssh/mssh.entitlements;
				CODE_SIGN_IDENTITY = "iPhone Developer";
				CURRENT_PROJECT_VERSION = 7;
				DEVELOPMENT_TEAM = CC24ZA67DK;
				INFOPLIST_FILE = mssh/Info.plist;
				INFOPLIST_KEY_UILaunchScreen_Generation = YES;
				INFOPLIST_KEY_UISupportedInterfaceOrientations_iPad = "UIInterfaceOrientationPortrait UIInterfaceOrientationPortraitUpsideDown UIInterfaceOrientationLandscapeLeft UIInterfaceOrientationLandscapeRight";
				LD_RUNPATH_SEARCH_PATHS = (
					"$(inherited)",
					"@executable_path/Frameworks",
				);
				MARKETING_VERSION = 1.1.0;
				PRODUCT_BUNDLE_IDENTIFIER = com.m4ck.mssh;
				SDKROOT = iphoneos;
				TARGETED_DEVICE_FAMILY = "1,2";
			};
			name = Release;
		};
		D83A97DD3B4353EAD8476A74 /* Release */ = {
			isa = XCBuildConfiguration;
			buildSettings = {
				ASSETCATALOG_COMPILER_APPICON_NAME = AppIcon;
				CODE_SIGN_ENTITLEMENTS = "mssh/mssh-mac.entitlements";
				COMBINE_HIDPI_IMAGES = YES;
				CURRENT_PROJECT_VERSION = 7;
				DEVELOPMENT_TEAM = CC24ZA67DK;
				INFOPLIST_FILE = "mssh/Info-macOS.plist";
				LD_RUNPATH_SEARCH_PATHS = (
					"$(inherited)",
					"@executable_path/../Frameworks",
				);
				MARKETING_VERSION = 1.1.0;
				PRODUCT_BUNDLE_IDENTIFIER = com.m4ck.mssh;
				SDKROOT = macosx;
			};
			name = Release;
		};
		EC04A1C58DBE9DB7E1CFAE23 /* Debug */ = {
			isa = XCBuildConfiguration;
			buildSettings = {
				ASSETCATALOG_COMPILER_APPICON_NAME = AppIcon;
				CODE_SIGN_ENTITLEMENTS = "mssh/mssh-mac.entitlements";
				COMBINE_HIDPI_IMAGES = YES;
				CURRENT_PROJECT_VERSION = 7;
				DEVELOPMENT_TEAM = CC24ZA67DK;
				INFOPLIST_FILE = "mssh/Info-macOS.plist";
				LD_RUNPATH_SEARCH_PATHS = (
					"$(inherited)",
					"@executable_path/../Frameworks",
				);
				MARKETING_VERSION = 1.1.0;
				PRODUCT_BUNDLE_IDENTIFIER = com.m4ck.mssh;
				SDKROOT = macosx;
			};
			name = Debug;
		};
		F2AEC800BB027D53667818E7 /* Debug */ = {
			isa = XCBuildConfiguration;
			buildSettings = {
				ASSETCATALOG_COMPILER_APPICON_NAME = AppIcon;
				CODE_SIGN_ENTITLEMENTS = mssh/mssh.entitlements;
				CODE_SIGN_IDENTITY = "iPhone Developer";
				CURRENT_PROJECT_VERSION = 7;
				DEVELOPMENT_TEAM = CC24ZA67DK;
				INFOPLIST_FILE = mssh/Info.plist;
				INFOPLIST_KEY_UILaunchScreen_Generation = YES;
				INFOPLIST_KEY_UISupportedInterfaceOrientations_iPad = "UIInterfaceOrientationPortrait UIInterfaceOrientationPortraitUpsideDown UIInterfaceOrientationLandscapeLeft UIInterfaceOrientationLandscapeRight";
				LD_RUNPATH_SEARCH_PATHS = (
					"$(inherited)",
					"@executable_path/Frameworks",
				);
				MARKETING_VERSION = 1.1.0;
				PRODUCT_BUNDLE_IDENTIFIER = com.m4ck.mssh;
				SDKROOT = iphoneos;
				TARGETED_DEVICE_FAMILY = "1,2";
			};
			name = Debug;
		};
		F827D5B551C20BD52E9FED52 /* Debug */ = {
			isa = XCBuildConfiguration;
			buildSettings = {
				ALWAYS_SEARCH_USER_PATHS = NO;
				CLANG_ANALYZER_NONNULL = YES;
				CLANG_ANALYZER_NUMBER_OBJECT_CONVERSION = YES_AGGRESSIVE;
				CLANG_CXX_LANGUAGE_STANDARD = "gnu++14";
				CLANG_CXX_LIBRARY = "libc++";
				CLANG_ENABLE_MODULES = YES;
				CLANG_ENABLE_OBJC_ARC = YES;
				CLANG_ENABLE_OBJC_WEAK = YES;
				CLANG_WARN_BLOCK_CAPTURE_AUTORELEASING = YES;
				CLANG_WARN_BOOL_CONVERSION = YES;
				CLANG_WARN_COMMA = YES;
				CLANG_WARN_CONSTANT_CONVERSION = YES;
				CLANG_WARN_DEPRECATED_OBJC_IMPLEMENTATIONS = YES;
				CLANG_WARN_DIRECT_OBJC_ISA_USAGE = YES_ERROR;
				CLANG_WARN_DOCUMENTATION_COMMENTS = YES;
				CLANG_WARN_EMPTY_BODY = YES;
				CLANG_WARN_ENUM_CONVERSION = YES;
				CLANG_WARN_INFINITE_RECURSION = YES;
				CLANG_WARN_INT_CONVERSION = YES;
				CLANG_WARN_NON_LITERAL_NULL_CONVERSION = YES;
				CLANG_WARN_OBJC_IMPLICIT_RETAIN_SELF = YES;
				CLANG_WARN_OBJC_LITERAL_CONVERSION = YES;
				CLANG_WARN_OBJC_ROOT_CLASS = YES_ERROR;
				CLANG_WARN_QUOTED_INCLUDE_IN_FRAMEWORK_HEADER = YES;
				CLANG_WARN_RANGE_LOOP_ANALYSIS = YES;
				CLANG_WARN_STRICT_PROTOTYPES = YES;
				CLANG_WARN_SUSPICIOUS_MOVE = YES;
				CLANG_WARN_UNGUARDED_AVAILABILITY = YES_AGGRESSIVE;
				CLANG_WARN_UNREACHABLE_CODE = YES;
				CLANG_WARN__DUPLICATE_METHOD_MATCH = YES;
				COPY_PHASE_STRIP = NO;
				DEBUG_INFORMATION_FORMAT = dwarf;
				ENABLE_STRICT_OBJC_MSGSEND = YES;
				ENABLE_TESTABILITY = YES;
				GCC_C_LANGUAGE_STANDARD = gnu11;
				GCC_DYNAMIC_NO_PIC = NO;
				GCC_NO_COMMON_BLOCKS = YES;
				GCC_OPTIMIZATION_LEVEL = 0;
				GCC_PREPROCESSOR_DEFINITIONS = (
					"$(inherited)",
					"DEBUG=1",
				);
				GCC_WARN_64_TO_32_BIT_CONVERSION = YES;
				GCC_WARN_ABOUT_RETURN_TYPE = YES_ERROR;
				GCC_WARN_UNDECLARED_SELECTOR = YES;
				GCC_WARN_UNINITIALIZED_AUTOS = YES_AGGRESSIVE;
				GCC_WARN_UNUSED_FUNCTION = YES;
				GCC_WARN_UNUSED_VARIABLE = YES;
				IPHONEOS_DEPLOYMENT_TARGET = 18.0;
				MACOSX_DEPLOYMENT_TARGET = 15.0;
				MTL_ENABLE_DEBUG_INFO = INCLUDE_SOURCE;
				MTL_FAST_MATH = YES;
				ONLY_ACTIVE_ARCH = YES;
				PRODUCT_NAME = "$(TARGET_NAME)";
				SUPPORTS_XR_DESIGNED_FOR_IPHONE_IPAD = NO;
				SWIFT_ACTIVE_COMPILATION_CONDITIONS = DEBUG;
				SWIFT_OPTIMIZATION_LEVEL = "-Onone";
				SWIFT_VERSION = 5.9;
			};
			name = Debug;
		};
/* End XCBuildConfiguration section */

/* Begin XCConfigurationList section */
		08D362BC0D1B70305CA19C49 /* Build configuration list for PBXNativeTarget "mssh-mac" */ = {
			isa = XCConfigurationList;
			buildConfigurations = (
				EC04A1C58DBE9DB7E1CFAE23 /* Debug */,
				D83A97DD3B4353EAD8476A74 /* Release */,
			);
			defaultConfigurationIsVisible = 0;
			defaultConfigurationName = Debug;
		};
		DEFF84C951A10274EFF21FFC /* Build configuration list for PBXProject "mssh" */ = {
			isa = XCConfigurationList;
			buildConfigurations = (
				F827D5B551C20BD52E9FED52 /* Debug */,
				2D8744DB8953E05AC106003F /* Release */,
			);
			defaultConfigurationIsVisible = 0;
			defaultConfigurationName = Debug;
		};
		EA8AD3078246E8862322BBA5 /* Build configuration list for PBXNativeTarget "mssh" */ = {
			isa = XCConfigurationList;
			buildConfigurations = (
				F2AEC800BB027D53667818E7 /* Debug */,
				497A40CDB32DFD6279DD6E88 /* Release */,
			);
			defaultConfigurationIsVisible = 0;
			defaultConfigurationName = Debug;
		};
/* End XCConfigurationList section */

/* Begin XCRemoteSwiftPackageReference section */
		2CFB5A4E7BE5C130C54D4529 /* XCRemoteSwiftPackageReference "SwiftTerm" */ = {
			isa = XCRemoteSwiftPackageReference;
			repositoryURL = "https://github.com/migueldeicaza/SwiftTerm";
			requirement = {
				kind = upToNextMajorVersion;
				minimumVersion = 1.13.0;
			};
		};
		4443D797EEECC2CEB6A0C6B9 /* XCRemoteSwiftPackageReference "Citadel" */ = {
			isa = XCRemoteSwiftPackageReference;
			repositoryURL = "https://github.com/orlandos-nl/Citadel";
			requirement = {
				kind = upToNextMajorVersion;
				minimumVersion = 0.9.0;
			};
		};
/* End XCRemoteSwiftPackageReference section */

/* Begin XCSwiftPackageProductDependency section */
		1670105D8DD5A1DC956F8FBE /* Citadel */ = {
			isa = XCSwiftPackageProductDependency;
			package = 4443D797EEECC2CEB6A0C6B9 /* XCRemoteSwiftPackageReference "Citadel" */;
			productName = Citadel;
		};
		43567A3E4811E967A3E77ECA /* SwiftTerm */ = {
			isa = XCSwiftPackageProductDependency;
			package = 2CFB5A4E7BE5C130C54D4529 /* XCRemoteSwiftPackageReference "SwiftTerm" */;
			productName = SwiftTerm;
		};
		92DC4C7B3FB1989C7E410053 /* SwiftTerm */ = {
			isa = XCSwiftPackageProductDependency;
			package = 2CFB5A4E7BE5C130C54D4529 /* XCRemoteSwiftPackageReference "SwiftTerm" */;
			productName = SwiftTerm;
		};
		D026A404D69C780DF051173B /* Citadel */ = {
			isa = XCSwiftPackageProductDependency;
			package = 4443D797EEECC2CEB6A0C6B9 /* XCRemoteSwiftPackageReference "Citadel" */;
			productName = Citadel;
		};
/* End XCSwiftPackageProductDependency section */
	};
	rootObject = BBF4243CE260C7198474475D /* Project object */;
}
